// !$*UTF8*$!
{
	archiveVersion = 1;
	classes = {
	};
	objectVersion = 50;
	objects = {

/* Begin PBXBuildFile section */
		B60B5E8325C85FD900D09806 /* HexagonParameters.swift in Sources */ = {isa = PBXBuildFile; fileRef = B60B5E8225C85FD900D09806 /* HexagonParameters.swift */; };
		B60B5E8625C860C400D09806 /* BadgeBackground.swift in Sources */ = {isa = PBXBuildFile; fileRef = B60B5E8525C860C400D09806 /* BadgeBackground.swift */; };
		B60B5E8925C8641500D09806 /* BadgeSymbol.swift in Sources */ = {isa = PBXBuildFile; fileRef = B60B5E8825C8641500D09806 /* BadgeSymbol.swift */; };
		B60B5E8C25C864F400D09806 /* RotatedBadgeSymbol.swift in Sources */ = {isa = PBXBuildFile; fileRef = B60B5E8B25C864F400D09806 /* RotatedBadgeSymbol.swift */; };
		B60B5E9225C865D500D09806 /* Badge.swift in Sources */ = {isa = PBXBuildFile; fileRef = B60B5E9125C865D500D09806 /* Badge.swift */; };
		B60B5E9625C86BE100D09806 /* hikeData.json in Resources */ = {isa = PBXBuildFile; fileRef = B60B5E9525C86BE100D09806 /* hikeData.json */; };
		B60B5E9A25C86CEB00D09806 /* Hike.swift in Sources */ = {isa = PBXBuildFile; fileRef = B60B5E9925C86CEB00D09806 /* Hike.swift */; };
		B60B5EA525C86DBC00D09806 /* HikeDetail.swift in Sources */ = {isa = PBXBuildFile; fileRef = B60B5EA125C86DBB00D09806 /* HikeDetail.swift */; };
		B60B5EA625C86DBC00D09806 /* GraphCapsule.swift in Sources */ = {isa = PBXBuildFile; fileRef = B60B5EA225C86DBC00D09806 /* GraphCapsule.swift */; };
		B60B5EA725C86DBC00D09806 /* HikeView.swift in Sources */ = {isa = PBXBuildFile; fileRef = B60B5EA325C86DBC00D09806 /* HikeView.swift */; };
		B60B5EA825C86DBC00D09806 /* HikeGraph.swift in Sources */ = {isa = PBXBuildFile; fileRef = B60B5EA425C86DBC00D09806 /* HikeGraph.swift */; };
		B681C5C625C8A0F0007BCC09 /* CategoryHome.swift in Sources */ = {isa = PBXBuildFile; fileRef = B681C5C525C8A0F0007BCC09 /* CategoryHome.swift */; };
		B681C5C925C8A2F1007BCC09 /* CategoryRow.swift in Sources */ = {isa = PBXBuildFile; fileRef = B681C5C825C8A2F1007BCC09 /* CategoryRow.swift */; };
		B681C5CC25C8A42E007BCC09 /* CategoryItem.swift in Sources */ = {isa = PBXBuildFile; fileRef = B681C5CB25C8A42E007BCC09 /* CategoryItem.swift */; };
		B681C5CF25C8B0EB007BCC09 /* Profile.swift in Sources */ = {isa = PBXBuildFile; fileRef = B681C5CE25C8B0EB007BCC09 /* Profile.swift */; };
		B681C5D325C8B26D007BCC09 /* ProfileHost.swift in Sources */ = {isa = PBXBuildFile; fileRef = B681C5D225C8B26D007BCC09 /* ProfileHost.swift */; };
		B681C5D625C8B2C1007BCC09 /* ProfileSummary.swift in Sources */ = {isa = PBXBuildFile; fileRef = B681C5D525C8B2C1007BCC09 /* ProfileSummary.swift */; };
		B681C5D925C8B3E4007BCC09 /* HikeBadge.swift in Sources */ = {isa = PBXBuildFile; fileRef = B681C5D825C8B3E4007BCC09 /* HikeBadge.swift */; };
		B681C5DC25C8BA16007BCC09 /* ProfileEditor.swift in Sources */ = {isa = PBXBuildFile; fileRef = B681C5DB25C8BA16007BCC09 /* ProfileEditor.swift */; };
		B681C5E025C8C653007BCC09 /* PageViewController.swift in Sources */ = {isa = PBXBuildFile; fileRef = B681C5DF25C8C653007BCC09 /* PageViewController.swift */; };
		B681C5E425C8CA2D007BCC09 /* FeatureCard.swift in Sources */ = {isa = PBXBuildFile; fileRef = B681C5E325C8CA2D007BCC09 /* FeatureCard.swift */; };
		B681C5E725C8CBCE007BCC09 /* PageView.swift in Sources */ = {isa = PBXBuildFile; fileRef = B681C5E625C8CBCE007BCC09 /* PageView.swift */; };
		B681C5EA25C8D4CD007BCC09 /* PageControl.swift in Sources */ = {isa = PBXBuildFile; fileRef = B681C5E925C8D4CD007BCC09 /* PageControl.swift */; };
		B682426325C6EC91006FA4A8 /* FavoriteButton.swift in Sources */ = {isa = PBXBuildFile; fileRef = B682426225C6EC91006FA4A8 /* FavoriteButton.swift */; };
		B68B604625CF900D00086920 /* Assets.xcassets in Resources */ = {isa = PBXBuildFile; fileRef = B68B604525CF900D00086920 /* Assets.xcassets */; };
		B68B604D25CF900D00086920 /* WatchLandmarks Extension.appex in Embed App Extensions */ = {isa = PBXBuildFile; fileRef = B68B604C25CF900D00086920 /* WatchLandmarks Extension.appex */; settings = {ATTRIBUTES = (RemoveHeadersOnCopy, ); }; };
		B68B605425CF900D00086920 /* ContentView.swift in Sources */ = {isa = PBXBuildFile; fileRef = B68B605325CF900D00086920 /* ContentView.swift */; };
		B68B605625CF900D00086920 /* NotificationController.swift in Sources */ = {isa = PBXBuildFile; fileRef = B68B605525CF900D00086920 /* NotificationController.swift */; };
		B68B605825CF900D00086920 /* NotificationView.swift in Sources */ = {isa = PBXBuildFile; fileRef = B68B605725CF900D00086920 /* NotificationView.swift */; };
		B68B605A25CF900D00086920 /* ComplicationController.swift in Sources */ = {isa = PBXBuildFile; fileRef = B68B605925CF900D00086920 /* ComplicationController.swift */; };
		B68B605C25CF900D00086920 /* Assets.xcassets in Resources */ = {isa = PBXBuildFile; fileRef = B68B605B25CF900D00086920 /* Assets.xcassets */; };
		B68B605F25CF900D00086920 /* Preview Assets.xcassets in Resources */ = {isa = PBXBuildFile; fileRef = B68B605E25CF900D00086920 /* Preview Assets.xcassets */; };
		B68B606425CF900D00086920 /* WatchLandmarks.app in Embed Watch Content */ = {isa = PBXBuildFile; fileRef = B68B604325CF900C00086920 /* WatchLandmarks.app */; settings = {ATTRIBUTES = (RemoveHeadersOnCopy, ); }; };
		B68B607625CF93DA00086920 /* MapView.swift in Sources */ = {isa = PBXBuildFile; fileRef = B6B19E4125C6681D00527862 /* MapView.swift */; };
		B68B607725CF93DA00086920 /* ModelData.swift in Sources */ = {isa = PBXBuildFile; fileRef = B6B19E4A25C671D100527862 /* ModelData.swift */; };
		B68B607825CF93DA00086920 /* Landmark.swift in Sources */ = {isa = PBXBuildFile; fileRef = B6B19E4725C66FC200527862 /* Landmark.swift */; };
		B68B607925CF93DA00086920 /* LandmarksApp.swift in Sources */ = {isa = PBXBuildFile; fileRef = B6B19E2D25C663BD00527862 /* LandmarksApp.swift */; };
		B68B607A25CF93DA00086920 /* hikeData.json in Resources */ = {isa = PBXBuildFile; fileRef = B60B5E9525C86BE100D09806 /* hikeData.json */; };
		B68B607B25CF93DA00086920 /* Assets.xcassets in Resources */ = {isa = PBXBuildFile; fileRef = B6B19E3125C663C000527862 /* Assets.xcassets */; };
		B68B607C25CF93DA00086920 /* landmarkData.json in Resources */ = {isa = PBXBuildFile; fileRef = B6B19E4425C66FA200527862 /* landmarkData.json */; };
		B68B607D25CF93DA00086920 /* Profile.swift in Sources */ = {isa = PBXBuildFile; fileRef = B681C5CE25C8B0EB007BCC09 /* Profile.swift */; };
		B68B607E25CF93DA00086920 /* LandmarkRow.swift in Sources */ = {isa = PBXBuildFile; fileRef = B6B19E5625C67A7000527862 /* LandmarkRow.swift */; };
		B68B608025CF93DA00086920 /* Hike.swift in Sources */ = {isa = PBXBuildFile; fileRef = B60B5E9925C86CEB00D09806 /* Hike.swift */; };
		B68B608125CF93DA00086920 /* CircleImage.swift in Sources */ = {isa = PBXBuildFile; fileRef = B6B19E3E25C6673800527862 /* CircleImage.swift */; };
		B68B608625CF96BC00086920 /* LandmarkDetail.swift in Sources */ = {isa = PBXBuildFile; fileRef = B68B608525CF96BC00086920 /* LandmarkDetail.swift */; };
		B6B19E2E25C663BD00527862 /* LandmarksApp.swift in Sources */ = {isa = PBXBuildFile; fileRef = B6B19E2D25C663BD00527862 /* LandmarksApp.swift */; };
		B6B19E3025C663BD00527862 /* ContentView.swift in Sources */ = {isa = PBXBuildFile; fileRef = B6B19E2F25C663BD00527862 /* ContentView.swift */; };
		B6B19E3225C663C000527862 /* Assets.xcassets in Resources */ = {isa = PBXBuildFile; fileRef = B6B19E3125C663C000527862 /* Assets.xcassets */; };
		B6B19E3525C663C000527862 /* Preview Assets.xcassets in Resources */ = {isa = PBXBuildFile; fileRef = B6B19E3425C663C000527862 /* Preview Assets.xcassets */; };
		B6B19E3F25C6673800527862 /* CircleImage.swift in Sources */ = {isa = PBXBuildFile; fileRef = B6B19E3E25C6673800527862 /* CircleImage.swift */; };
		B6B19E4225C6681D00527862 /* MapView.swift in Sources */ = {isa = PBXBuildFile; fileRef = B6B19E4125C6681D00527862 /* MapView.swift */; };
		B6B19E4525C66FA200527862 /* landmarkData.json in Resources */ = {isa = PBXBuildFile; fileRef = B6B19E4425C66FA200527862 /* landmarkData.json */; };
		B6B19E4825C66FC200527862 /* Landmark.swift in Sources */ = {isa = PBXBuildFile; fileRef = B6B19E4725C66FC200527862 /* Landmark.swift */; };
		B6B19E4B25C671D100527862 /* ModelData.swift in Sources */ = {isa = PBXBuildFile; fileRef = B6B19E4A25C671D100527862 /* ModelData.swift */; };
		B6B19E5725C67A7000527862 /* LandmarkRow.swift in Sources */ = {isa = PBXBuildFile; fileRef = B6B19E5625C67A7000527862 /* LandmarkRow.swift */; };
		B6B19E5A25C67BF200527862 /* LandmarkList.swift in Sources */ = {isa = PBXBuildFile; fileRef = B6B19E5925C67BF200527862 /* LandmarkList.swift */; };
		B6B19E5D25C67DCB00527862 /* LandmarkDetail.swift in Sources */ = {isa = PBXBuildFile; fileRef = B6B19E5C25C67DCB00527862 /* LandmarkDetail.swift */; };
		B6D27D0B25D0249500A3F6C6 /* ContentView.swift in Sources */ = {isa = PBXBuildFile; fileRef = B6D27D0A25D0249500A3F6C6 /* ContentView.swift */; };
		B6D27D0D25D0249600A3F6C6 /* Assets.xcassets in Resources */ = {isa = PBXBuildFile; fileRef = B6D27D0C25D0249600A3F6C6 /* Assets.xcassets */; };
		B6D27D1025D0249600A3F6C6 /* Preview Assets.xcassets in Resources */ = {isa = PBXBuildFile; fileRef = B6D27D0F25D0249600A3F6C6 /* Preview Assets.xcassets */; };
		B6D27D1E25D0252600A3F6C6 /* landmarkData.json in Resources */ = {isa = PBXBuildFile; fileRef = B6B19E4425C66FA200527862 /* landmarkData.json */; };
		B6D27D1F25D0252600A3F6C6 /* Landmark.swift in Sources */ = {isa = PBXBuildFile; fileRef = B6B19E4725C66FC200527862 /* Landmark.swift */; };
		B6D27D2025D0252600A3F6C6 /* LandmarkRow.swift in Sources */ = {isa = PBXBuildFile; fileRef = B6B19E5625C67A7000527862 /* LandmarkRow.swift */; };
		B6D27D2125D0252600A3F6C6 /* CircleImage.swift in Sources */ = {isa = PBXBuildFile; fileRef = B6B19E3E25C6673800527862 /* CircleImage.swift */; };
		B6D27D2225D0252600A3F6C6 /* LandmarksApp.swift in Sources */ = {isa = PBXBuildFile; fileRef = B6B19E2D25C663BD00527862 /* LandmarksApp.swift */; };
		B6D27D2325D0252600A3F6C6 /* hikeData.json in Resources */ = {isa = PBXBuildFile; fileRef = B60B5E9525C86BE100D09806 /* hikeData.json */; };
		B6D27D2425D0252600A3F6C6 /* Assets.xcassets in Resources */ = {isa = PBXBuildFile; fileRef = B6B19E3125C663C000527862 /* Assets.xcassets */; };
		B6D27D2525D0252600A3F6C6 /* Profile.swift in Sources */ = {isa = PBXBuildFile; fileRef = B681C5CE25C8B0EB007BCC09 /* Profile.swift */; };
		B6D27D2625D0252600A3F6C6 /* Hike.swift in Sources */ = {isa = PBXBuildFile; fileRef = B60B5E9925C86CEB00D09806 /* Hike.swift */; };
		B6D27D2725D0252600A3F6C6 /* ModelData.swift in Sources */ = {isa = PBXBuildFile; fileRef = B6B19E4A25C671D100527862 /* ModelData.swift */; };
		B6D27D2825D0252600A3F6C6 /* LandmarkList.swift in Sources */ = {isa = PBXBuildFile; fileRef = B6B19E5925C67BF200527862 /* LandmarkList.swift */; };
		B6D27D2925D0252600A3F6C6 /* MapView.swift in Sources */ = {isa = PBXBuildFile; fileRef = B6B19E4125C6681D00527862 /* MapView.swift */; };
		B6D27D2A25D0252600A3F6C6 /* FavoriteButton.swift in Sources */ = {isa = PBXBuildFile; fileRef = B682426225C6EC91006FA4A8 /* FavoriteButton.swift */; };
		B6D27D3025D0267E00A3F6C6 /* LandmarkDetail.swift in Sources */ = {isa = PBXBuildFile; fileRef = B6D27D2F25D0267E00A3F6C6 /* LandmarkDetail.swift */; };
		B6D27D3625D02EAF00A3F6C6 /* LandmarkList.swift in Sources */ = {isa = PBXBuildFile; fileRef = B6D27D3525D02EAF00A3F6C6 /* LandmarkList.swift */; };
		B6D27D4025D0409100A3F6C6 /* LandmarkCommands.swift in Sources */ = {isa = PBXBuildFile; fileRef = B6D27D3F25D0409100A3F6C6 /* LandmarkCommands.swift */; };
		B6D27D4125D0409100A3F6C6 /* LandmarkCommands.swift in Sources */ = {isa = PBXBuildFile; fileRef = B6D27D3F25D0409100A3F6C6 /* LandmarkCommands.swift */; };
		B6D27D4825D046AB00A3F6C6 /* LandmarkSettings.swift in Sources */ = {isa = PBXBuildFile; fileRef = B6D27D4625D046AB00A3F6C6 /* LandmarkSettings.swift */; };
/* End PBXBuildFile section */

/* Begin PBXContainerItemProxy section */
		B68B604E25CF900D00086920 /* PBXContainerItemProxy */ = {
			isa = PBXContainerItemProxy;
			containerPortal = B6B19E2225C663BC00527862 /* Project object */;
			proxyType = 1;
			remoteGlobalIDString = B68B604B25CF900D00086920;
			remoteInfo = "WatchLandmarks Extension";
		};
		B68B606225CF900D00086920 /* PBXContainerItemProxy */ = {
			isa = PBXContainerItemProxy;
			containerPortal = B6B19E2225C663BC00527862 /* Project object */;
			proxyType = 1;
			remoteGlobalIDString = B68B604225CF900C00086920;
			remoteInfo = WatchLandmarks;
		};
/* End PBXContainerItemProxy section */

/* Begin PBXCopyFilesBuildPhase section */
		B68B606525CF900D00086920 /* Embed Watch Content */ = {
			isa = PBXCopyFilesBuildPhase;
			buildActionMask = 2147483647;
			dstPath = "$(CONTENTS_FOLDER_PATH)/Watch";
			dstSubfolderSpec = 16;
			files = (
				B68B606425CF900D00086920 /* WatchLandmarks.app in Embed Watch Content */,
			);
			name = "Embed Watch Content";
			runOnlyForDeploymentPostprocessing = 0;
		};
		B68B606825CF900D00086920 /* Embed App Extensions */ = {
			isa = PBXCopyFilesBuildPhase;
			buildActionMask = 2147483647;
			dstPath = "";
			dstSubfolderSpec = 13;
			files = (
				B68B604D25CF900D00086920 /* WatchLandmarks Extension.appex in Embed App Extensions */,
			);
			name = "Embed App Extensions";
			runOnlyForDeploymentPostprocessing = 0;
		};
/* End PBXCopyFilesBuildPhase section */

/* Begin PBXFileReference section */
		B60B5E8225C85FD900D09806 /* HexagonParameters.swift */ = {isa = PBXFileReference; lastKnownFileType = sourcecode.swift; path = HexagonParameters.swift; sourceTree = "<group>"; };
		B60B5E8525C860C400D09806 /* BadgeBackground.swift */ = {isa = PBXFileReference; lastKnownFileType = sourcecode.swift; path = BadgeBackground.swift; sourceTree = "<group>"; };
		B60B5E8825C8641500D09806 /* BadgeSymbol.swift */ = {isa = PBXFileReference; lastKnownFileType = sourcecode.swift; path = BadgeSymbol.swift; sourceTree = "<group>"; };
		B60B5E8B25C864F400D09806 /* RotatedBadgeSymbol.swift */ = {isa = PBXFileReference; lastKnownFileType = sourcecode.swift; path = RotatedBadgeSymbol.swift; sourceTree = "<group>"; };
		B60B5E9125C865D500D09806 /* Badge.swift */ = {isa = PBXFileReference; lastKnownFileType = sourcecode.swift; path = Badge.swift; sourceTree = "<group>"; };
		B60B5E9525C86BE100D09806 /* hikeData.json */ = {isa = PBXFileReference; fileEncoding = 4; lastKnownFileType = text.json; path = hikeData.json; sourceTree = "<group>"; };
		B60B5E9925C86CEB00D09806 /* Hike.swift */ = {isa = PBXFileReference; lastKnownFileType = sourcecode.swift; path = Hike.swift; sourceTree = "<group>"; };
		B60B5EA125C86DBB00D09806 /* HikeDetail.swift */ = {isa = PBXFileReference; fileEncoding = 4; lastKnownFileType = sourcecode.swift; path = HikeDetail.swift; sourceTree = "<group>"; };
		B60B5EA225C86DBC00D09806 /* GraphCapsule.swift */ = {isa = PBXFileReference; fileEncoding = 4; lastKnownFileType = sourcecode.swift; path = GraphCapsule.swift; sourceTree = "<group>"; };
		B60B5EA325C86DBC00D09806 /* HikeView.swift */ = {isa = PBXFileReference; fileEncoding = 4; lastKnownFileType = sourcecode.swift; path = HikeView.swift; sourceTree = "<group>"; };
		B60B5EA425C86DBC00D09806 /* HikeGraph.swift */ = {isa = PBXFileReference; fileEncoding = 4; lastKnownFileType = sourcecode.swift; path = HikeGraph.swift; sourceTree = "<group>"; };
		B681C5C525C8A0F0007BCC09 /* CategoryHome.swift */ = {isa = PBXFileReference; lastKnownFileType = sourcecode.swift; path = CategoryHome.swift; sourceTree = "<group>"; };
		B681C5C825C8A2F1007BCC09 /* CategoryRow.swift */ = {isa = PBXFileReference; lastKnownFileType = sourcecode.swift; path = CategoryRow.swift; sourceTree = "<group>"; };
		B681C5CB25C8A42E007BCC09 /* CategoryItem.swift */ = {isa = PBXFileReference; lastKnownFileType = sourcecode.swift; path = CategoryItem.swift; sourceTree = "<group>"; };
		B681C5CE25C8B0EB007BCC09 /* Profile.swift */ = {isa = PBXFileReference; lastKnownFileType = sourcecode.swift; path = Profile.swift; sourceTree = "<group>"; };
		B681C5D225C8B26D007BCC09 /* ProfileHost.swift */ = {isa = PBXFileReference; lastKnownFileType = sourcecode.swift; path = ProfileHost.swift; sourceTree = "<group>"; };
		B681C5D525C8B2C1007BCC09 /* ProfileSummary.swift */ = {isa = PBXFileReference; lastKnownFileType = sourcecode.swift; path = ProfileSummary.swift; sourceTree = "<group>"; };
		B681C5D825C8B3E4007BCC09 /* HikeBadge.swift */ = {isa = PBXFileReference; lastKnownFileType = sourcecode.swift; path = HikeBadge.swift; sourceTree = "<group>"; };
		B681C5DB25C8BA16007BCC09 /* ProfileEditor.swift */ = {isa = PBXFileReference; lastKnownFileType = sourcecode.swift; path = ProfileEditor.swift; sourceTree = "<group>"; };
		B681C5DF25C8C653007BCC09 /* PageViewController.swift */ = {isa = PBXFileReference; lastKnownFileType = sourcecode.swift; path = PageViewController.swift; sourceTree = "<group>"; };
		B681C5E325C8CA2D007BCC09 /* FeatureCard.swift */ = {isa = PBXFileReference; lastKnownFileType = sourcecode.swift; path = FeatureCard.swift; sourceTree = "<group>"; };
		B681C5E625C8CBCE007BCC09 /* PageView.swift */ = {isa = PBXFileReference; lastKnownFileType = sourcecode.swift; path = PageView.swift; sourceTree = "<group>"; };
		B681C5E925C8D4CD007BCC09 /* PageControl.swift */ = {isa = PBXFileReference; lastKnownFileType = sourcecode.swift; path = PageControl.swift; sourceTree = "<group>"; };
		B682426225C6EC91006FA4A8 /* FavoriteButton.swift */ = {isa = PBXFileReference; lastKnownFileType = sourcecode.swift; path = FavoriteButton.swift; sourceTree = "<group>"; };
		B68B604325CF900C00086920 /* WatchLandmarks.app */ = {isa = PBXFileReference; explicitFileType = wrapper.application; includeInIndex = 0; path = WatchLandmarks.app; sourceTree = BUILT_PRODUCTS_DIR; };
		B68B604525CF900D00086920 /* Assets.xcassets */ = {isa = PBXFileReference; lastKnownFileType = folder.assetcatalog; path = Assets.xcassets; sourceTree = "<group>"; };
		B68B604725CF900D00086920 /* Info.plist */ = {isa = PBXFileReference; lastKnownFileType = text.plist.xml; path = Info.plist; sourceTree = "<group>"; };
		B68B604C25CF900D00086920 /* WatchLandmarks Extension.appex */ = {isa = PBXFileReference; explicitFileType = "wrapper.app-extension"; includeInIndex = 0; path = "WatchLandmarks Extension.appex"; sourceTree = BUILT_PRODUCTS_DIR; };
		B68B605325CF900D00086920 /* ContentView.swift */ = {isa = PBXFileReference; lastKnownFileType = sourcecode.swift; path = ContentView.swift; sourceTree = "<group>"; };
		B68B605525CF900D00086920 /* NotificationController.swift */ = {isa = PBXFileReference; lastKnownFileType = sourcecode.swift; path = NotificationController.swift; sourceTree = "<group>"; };
		B68B605725CF900D00086920 /* NotificationView.swift */ = {isa = PBXFileReference; lastKnownFileType = sourcecode.swift; path = NotificationView.swift; sourceTree = "<group>"; };
		B68B605925CF900D00086920 /* ComplicationController.swift */ = {isa = PBXFileReference; lastKnownFileType = sourcecode.swift; path = ComplicationController.swift; sourceTree = "<group>"; };
		B68B605B25CF900D00086920 /* Assets.xcassets */ = {isa = PBXFileReference; lastKnownFileType = folder.assetcatalog; path = Assets.xcassets; sourceTree = "<group>"; };
		B68B605E25CF900D00086920 /* Preview Assets.xcassets */ = {isa = PBXFileReference; lastKnownFileType = folder.assetcatalog; path = "Preview Assets.xcassets"; sourceTree = "<group>"; };
		B68B606025CF900D00086920 /* Info.plist */ = {isa = PBXFileReference; lastKnownFileType = text.plist.xml; path = Info.plist; sourceTree = "<group>"; };
		B68B606125CF900D00086920 /* PushNotificationPayload.apns */ = {isa = PBXFileReference; lastKnownFileType = text; path = PushNotificationPayload.apns; sourceTree = "<group>"; };
		B68B608525CF96BC00086920 /* LandmarkDetail.swift */ = {isa = PBXFileReference; lastKnownFileType = sourcecode.swift; path = LandmarkDetail.swift; sourceTree = "<group>"; };
		B6B19E2A25C663BC00527862 /* Landmarks.app */ = {isa = PBXFileReference; explicitFileType = wrapper.application; includeInIndex = 0; path = Landmarks.app; sourceTree = BUILT_PRODUCTS_DIR; };
		B6B19E2D25C663BD00527862 /* LandmarksApp.swift */ = {isa = PBXFileReference; lastKnownFileType = sourcecode.swift; path = LandmarksApp.swift; sourceTree = "<group>"; };
		B6B19E2F25C663BD00527862 /* ContentView.swift */ = {isa = PBXFileReference; lastKnownFileType = sourcecode.swift; path = ContentView.swift; sourceTree = "<group>"; };
		B6B19E3125C663C000527862 /* Assets.xcassets */ = {isa = PBXFileReference; lastKnownFileType = folder.assetcatalog; path = Assets.xcassets; sourceTree = "<group>"; };
		B6B19E3425C663C000527862 /* Preview Assets.xcassets */ = {isa = PBXFileReference; lastKnownFileType = folder.assetcatalog; path = "Preview Assets.xcassets"; sourceTree = "<group>"; };
		B6B19E3625C663C000527862 /* Info.plist */ = {isa = PBXFileReference; lastKnownFileType = text.plist.xml; path = Info.plist; sourceTree = "<group>"; };
		B6B19E3E25C6673800527862 /* CircleImage.swift */ = {isa = PBXFileReference; lastKnownFileType = sourcecode.swift; path = CircleImage.swift; sourceTree = "<group>"; };
		B6B19E4125C6681D00527862 /* MapView.swift */ = {isa = PBXFileReference; lastKnownFileType = sourcecode.swift; path = MapView.swift; sourceTree = "<group>"; };
		B6B19E4425C66FA200527862 /* landmarkData.json */ = {isa = PBXFileReference; fileEncoding = 4; lastKnownFileType = text.json; path = landmarkData.json; sourceTree = "<group>"; };
		B6B19E4725C66FC200527862 /* Landmark.swift */ = {isa = PBXFileReference; lastKnownFileType = sourcecode.swift; path = Landmark.swift; sourceTree = "<group>"; };
		B6B19E4A25C671D100527862 /* ModelData.swift */ = {isa = PBXFileReference; lastKnownFileType = sourcecode.swift; path = ModelData.swift; sourceTree = "<group>"; };
		B6B19E5625C67A7000527862 /* LandmarkRow.swift */ = {isa = PBXFileReference; lastKnownFileType = sourcecode.swift; path = LandmarkRow.swift; sourceTree = "<group>"; };
		B6B19E5925C67BF200527862 /* LandmarkList.swift */ = {isa = PBXFileReference; lastKnownFileType = sourcecode.swift; path = LandmarkList.swift; sourceTree = "<group>"; };
		B6B19E5C25C67DCB00527862 /* LandmarkDetail.swift */ = {isa = PBXFileReference; lastKnownFileType = sourcecode.swift; path = LandmarkDetail.swift; sourceTree = "<group>"; };
		B6D27D0625D0249500A3F6C6 /* MacLandmarks.app */ = {isa = PBXFileReference; explicitFileType = wrapper.application; includeInIndex = 0; path = MacLandmarks.app; sourceTree = BUILT_PRODUCTS_DIR; };
		B6D27D0A25D0249500A3F6C6 /* ContentView.swift */ = {isa = PBXFileReference; lastKnownFileType = sourcecode.swift; path = ContentView.swift; sourceTree = "<group>"; };
		B6D27D0C25D0249600A3F6C6 /* Assets.xcassets */ = {isa = PBXFileReference; lastKnownFileType = folder.assetcatalog; path = Assets.xcassets; sourceTree = "<group>"; };
		B6D27D0F25D0249600A3F6C6 /* Preview Assets.xcassets */ = {isa = PBXFileReference; lastKnownFileType = folder.assetcatalog; path = "Preview Assets.xcassets"; sourceTree = "<group>"; };
		B6D27D1125D0249600A3F6C6 /* Info.plist */ = {isa = PBXFileReference; lastKnownFileType = text.plist.xml; path = Info.plist; sourceTree = "<group>"; };
		B6D27D1225D0249600A3F6C6 /* MacLandmarks.entitlements */ = {isa = PBXFileReference; lastKnownFileType = text.plist.entitlements; path = MacLandmarks.entitlements; sourceTree = "<group>"; };
		B6D27D2F25D0267E00A3F6C6 /* LandmarkDetail.swift */ = {isa = PBXFileReference; lastKnownFileType = sourcecode.swift; path = LandmarkDetail.swift; sourceTree = "<group>"; };
		B6D27D3525D02EAF00A3F6C6 /* LandmarkList.swift */ = {isa = PBXFileReference; lastKnownFileType = sourcecode.swift; path = LandmarkList.swift; sourceTree = "<group>"; };
		B6D27D3F25D0409100A3F6C6 /* LandmarkCommands.swift */ = {isa = PBXFileReference; lastKnownFileType = sourcecode.swift; path = LandmarkCommands.swift; sourceTree = "<group>"; };
		B6D27D4625D046AB00A3F6C6 /* LandmarkSettings.swift */ = {isa = PBXFileReference; lastKnownFileType = sourcecode.swift; path = LandmarkSettings.swift; sourceTree = "<group>"; };
/* End PBXFileReference section */

/* Begin PBXFrameworksBuildPhase section */
		B68B604925CF900D00086920 /* Frameworks */ = {
			isa = PBXFrameworksBuildPhase;
			buildActionMask = 2147483647;
			files = (
			);
			runOnlyForDeploymentPostprocessing = 0;
		};
		B6B19E2725C663BC00527862 /* Frameworks */ = {
			isa = PBXFrameworksBuildPhase;
			buildActionMask = 2147483647;
			files = (
			);
			runOnlyForDeploymentPostprocessing = 0;
		};
		B6D27D0325D0249500A3F6C6 /* Frameworks */ = {
			isa = PBXFrameworksBuildPhase;
			buildActionMask = 2147483647;
			files = (
			);
			runOnlyForDeploymentPostprocessing = 0;
		};
/* End PBXFrameworksBuildPhase section */

/* Begin PBXGroup section */
		B60B5E8F25C8659200D09806 /* Badges */ = {
			isa = PBXGroup;
			children = (
				B60B5E9125C865D500D09806 /* Badge.swift */,
				B60B5E8525C860C400D09806 /* BadgeBackground.swift */,
				B60B5E8825C8641500D09806 /* BadgeSymbol.swift */,
				B60B5E8B25C864F400D09806 /* RotatedBadgeSymbol.swift */,
				B60B5E8225C85FD900D09806 /* HexagonParameters.swift */,
			);
			path = Badges;
			sourceTree = "<group>";
		};
		B60B5E9825C86CD300D09806 /* Hikes */ = {
			isa = PBXGroup;
			children = (
				B60B5EA225C86DBC00D09806 /* GraphCapsule.swift */,
				B60B5EA125C86DBB00D09806 /* HikeDetail.swift */,
				B60B5EA425C86DBC00D09806 /* HikeGraph.swift */,
				B60B5EA325C86DBC00D09806 /* HikeView.swift */,
				B681C5D825C8B3E4007BCC09 /* HikeBadge.swift */,
			);
			path = Hikes;
			sourceTree = "<group>";
		};
		B681C5C425C8A0D2007BCC09 /* Categories */ = {
			isa = PBXGroup;
			children = (
				B681C5C525C8A0F0007BCC09 /* CategoryHome.swift */,
				B681C5C825C8A2F1007BCC09 /* CategoryRow.swift */,
				B681C5CB25C8A42E007BCC09 /* CategoryItem.swift */,
			);
			path = Categories;
			sourceTree = "<group>";
		};
		B681C5D125C8B255007BCC09 /* Profiles */ = {
			isa = PBXGroup;
			children = (
				B681C5D225C8B26D007BCC09 /* ProfileHost.swift */,
				B681C5D525C8B2C1007BCC09 /* ProfileSummary.swift */,
				B681C5DB25C8BA16007BCC09 /* ProfileEditor.swift */,
			);
			path = Profiles;
			sourceTree = "<group>";
		};
		B681C5DE25C8C635007BCC09 /* PageView */ = {
			isa = PBXGroup;
			children = (
				B681C5DF25C8C653007BCC09 /* PageViewController.swift */,
				B681C5E325C8CA2D007BCC09 /* FeatureCard.swift */,
				B681C5E625C8CBCE007BCC09 /* PageView.swift */,
				B681C5E925C8D4CD007BCC09 /* PageControl.swift */,
			);
			path = PageView;
			sourceTree = "<group>";
		};
		B682426525C6ECFC006FA4A8 /* Landmarks */ = {
			isa = PBXGroup;
			children = (
				B6B19E5625C67A7000527862 /* LandmarkRow.swift */,
				B6B19E5925C67BF200527862 /* LandmarkList.swift */,
				B6B19E5C25C67DCB00527862 /* LandmarkDetail.swift */,
			);
			path = Landmarks;
			sourceTree = "<group>";
		};
		B682426725C6ED10006FA4A8 /* Helpers */ = {
			isa = PBXGroup;
			children = (
				B6B19E3E25C6673800527862 /* CircleImage.swift */,
				B6B19E4125C6681D00527862 /* MapView.swift */,
				B682426225C6EC91006FA4A8 /* FavoriteButton.swift */,
			);
			path = Helpers;
			sourceTree = "<group>";
		};
		B68B604425CF900C00086920 /* WatchLandmarks */ = {
			isa = PBXGroup;
			children = (
				B68B604525CF900D00086920 /* Assets.xcassets */,
				B68B604725CF900D00086920 /* Info.plist */,
			);
			path = WatchLandmarks;
			sourceTree = "<group>";
		};
		B68B605025CF900D00086920 /* WatchLandmarks Extension */ = {
			isa = PBXGroup;
			children = (
				B68B605325CF900D00086920 /* ContentView.swift */,
				B68B605525CF900D00086920 /* NotificationController.swift */,
				B68B605725CF900D00086920 /* NotificationView.swift */,
				B68B605925CF900D00086920 /* ComplicationController.swift */,
				B68B605B25CF900D00086920 /* Assets.xcassets */,
				B68B606025CF900D00086920 /* Info.plist */,
				B68B606125CF900D00086920 /* PushNotificationPayload.apns */,
				B68B605D25CF900D00086920 /* Preview Content */,
				B68B608525CF96BC00086920 /* LandmarkDetail.swift */,
				B6D27D3525D02EAF00A3F6C6 /* LandmarkList.swift */,
			);
			path = "WatchLandmarks Extension";
			sourceTree = "<group>";
		};
		B68B605D25CF900D00086920 /* Preview Content */ = {
			isa = PBXGroup;
			children = (
				B68B605E25CF900D00086920 /* Preview Assets.xcassets */,
			);
			path = "Preview Content";
			sourceTree = "<group>";
		};
		B6B19E2125C663BC00527862 = {
			isa = PBXGroup;
			children = (
				B6B19E2C25C663BD00527862 /* Landmarks */,
				B68B604425CF900C00086920 /* WatchLandmarks */,
				B68B605025CF900D00086920 /* WatchLandmarks Extension */,
				B6D27D0725D0249500A3F6C6 /* MacLandmarks */,
				B6B19E2B25C663BC00527862 /* Products */,
			);
			sourceTree = "<group>";
		};
		B6B19E2B25C663BC00527862 /* Products */ = {
			isa = PBXGroup;
			children = (
				B6B19E2A25C663BC00527862 /* Landmarks.app */,
				B68B604325CF900C00086920 /* WatchLandmarks.app */,
				B68B604C25CF900D00086920 /* WatchLandmarks Extension.appex */,
				B6D27D0625D0249500A3F6C6 /* MacLandmarks.app */,
			);
			name = Products;
			sourceTree = "<group>";
		};
		B6B19E2C25C663BD00527862 /* Landmarks */ = {
			isa = PBXGroup;
			children = (
				B6B19E2D25C663BD00527862 /* LandmarksApp.swift */,
				B6B19E4D25C672B400527862 /* Views */,
				B6B19E4F25C672C700527862 /* Model */,
				B6B19E5325C672EA00527862 /* Resources */,
				B6B19E3125C663C000527862 /* Assets.xcassets */,
				B6B19E3625C663C000527862 /* Info.plist */,
				B6B19E3325C663C000527862 /* Preview Content */,
			);
			path = Landmarks;
			sourceTree = "<group>";
		};
		B6B19E3325C663C000527862 /* Preview Content */ = {
			isa = PBXGroup;
			children = (
				B6B19E3425C663C000527862 /* Preview Assets.xcassets */,
			);
			path = "Preview Content";
			sourceTree = "<group>";
		};
		B6B19E4D25C672B400527862 /* Views */ = {
			isa = PBXGroup;
			children = (
				B6B19E2F25C663BD00527862 /* ContentView.swift */,
				B60B5E8F25C8659200D09806 /* Badges */,
				B681C5C425C8A0D2007BCC09 /* Categories */,
				B60B5E9825C86CD300D09806 /* Hikes */,
				B682426525C6ECFC006FA4A8 /* Landmarks */,
				B681C5D125C8B255007BCC09 /* Profiles */,
				B681C5DE25C8C635007BCC09 /* PageView */,
				B682426725C6ED10006FA4A8 /* Helpers */,
			);
			path = Views;
			sourceTree = "<group>";
		};
		B6B19E4F25C672C700527862 /* Model */ = {
			isa = PBXGroup;
			children = (
				B60B5E9925C86CEB00D09806 /* Hike.swift */,
				B6B19E4A25C671D100527862 /* ModelData.swift */,
				B6B19E4725C66FC200527862 /* Landmark.swift */,
				B681C5CE25C8B0EB007BCC09 /* Profile.swift */,
			);
			path = Model;
			sourceTree = "<group>";
		};
		B6B19E5325C672EA00527862 /* Resources */ = {
			isa = PBXGroup;
			children = (
				B6B19E4425C66FA200527862 /* landmarkData.json */,
				B60B5E9525C86BE100D09806 /* hikeData.json */,
			);
			path = Resources;
			sourceTree = "<group>";
		};
		B6D27D0725D0249500A3F6C6 /* MacLandmarks */ = {
			isa = PBXGroup;
			children = (
				B6D27D0A25D0249500A3F6C6 /* ContentView.swift */,
				B6D27D0C25D0249600A3F6C6 /* Assets.xcassets */,
				B6D27D1125D0249600A3F6C6 /* Info.plist */,
				B6D27D1225D0249600A3F6C6 /* MacLandmarks.entitlements */,
				B6D27D0E25D0249600A3F6C6 /* Preview Content */,
				B6D27D2F25D0267E00A3F6C6 /* LandmarkDetail.swift */,
				B6D27D3F25D0409100A3F6C6 /* LandmarkCommands.swift */,
				B6D27D4625D046AB00A3F6C6 /* LandmarkSettings.swift */,
			);
			path = MacLandmarks;
			sourceTree = "<group>";
		};
		B6D27D0E25D0249600A3F6C6 /* Preview Content */ = {
			isa = PBXGroup;
			children = (
				B6D27D0F25D0249600A3F6C6 /* Preview Assets.xcassets */,
			);
			path = "Preview Content";
			sourceTree = "<group>";
		};
/* End PBXGroup section */

/* Begin PBXNativeTarget section */
		B68B604225CF900C00086920 /* WatchLandmarks */ = {
			isa = PBXNativeTarget;
			buildConfigurationList = B68B606C25CF900E00086920 /* Build configuration list for PBXNativeTarget "WatchLandmarks" */;
			buildPhases = (
				B68B604125CF900C00086920 /* Resources */,
				B68B606825CF900D00086920 /* Embed App Extensions */,
			);
			buildRules = (
			);
			dependencies = (
				B68B604F25CF900D00086920 /* PBXTargetDependency */,
			);
			name = WatchLandmarks;
			productName = WatchLandmarks;
			productReference = B68B604325CF900C00086920 /* WatchLandmarks.app */;
			productType = "com.apple.product-type.application.watchapp2";
		};
		B68B604B25CF900D00086920 /* WatchLandmarks Extension */ = {
			isa = PBXNativeTarget;
			buildConfigurationList = B68B606B25CF900E00086920 /* Build configuration list for PBXNativeTarget "WatchLandmarks Extension" */;
			buildPhases = (
				B68B604825CF900D00086920 /* Sources */,
				B68B604925CF900D00086920 /* Frameworks */,
				B68B604A25CF900D00086920 /* Resources */,
			);
			buildRules = (
			);
			dependencies = (
			);
			name = "WatchLandmarks Extension";
			productName = "WatchLandmarks Extension";
			productReference = B68B604C25CF900D00086920 /* WatchLandmarks Extension.appex */;
			productType = "com.apple.product-type.watchkit2-extension";
		};
		B6B19E2925C663BC00527862 /* Landmarks */ = {
			isa = PBXNativeTarget;
			buildConfigurationList = B6B19E3925C663C000527862 /* Build configuration list for PBXNativeTarget "Landmarks" */;
			buildPhases = (
				B6B19E2625C663BC00527862 /* Sources */,
				B6B19E2725C663BC00527862 /* Frameworks */,
				B6B19E2825C663BC00527862 /* Resources */,
				B68B606525CF900D00086920 /* Embed Watch Content */,
			);
			buildRules = (
			);
			dependencies = (
				B68B606325CF900D00086920 /* PBXTargetDependency */,
			);
			name = Landmarks;
			productName = Landmarks;
			productReference = B6B19E2A25C663BC00527862 /* Landmarks.app */;
			productType = "com.apple.product-type.application";
		};
		B6D27D0525D0249500A3F6C6 /* MacLandmarks */ = {
			isa = PBXNativeTarget;
			buildConfigurationList = B6D27D1525D0249600A3F6C6 /* Build configuration list for PBXNativeTarget "MacLandmarks" */;
			buildPhases = (
				B6D27D0225D0249500A3F6C6 /* Sources */,
				B6D27D0325D0249500A3F6C6 /* Frameworks */,
				B6D27D0425D0249500A3F6C6 /* Resources */,
			);
			buildRules = (
			);
			dependencies = (
			);
			name = MacLandmarks;
			productName = MacLandmarks;
			productReference = B6D27D0625D0249500A3F6C6 /* MacLandmarks.app */;
			productType = "com.apple.product-type.application";
		};
/* End PBXNativeTarget section */

/* Begin PBXProject section */
		B6B19E2225C663BC00527862 /* Project object */ = {
			isa = PBXProject;
			attributes = {
				LastSwiftUpdateCheck = 1240;
				LastUpgradeCheck = 1240;
				TargetAttributes = {
					B68B604225CF900C00086920 = {
						CreatedOnToolsVersion = 12.4;
					};
					B68B604B25CF900D00086920 = {
						CreatedOnToolsVersion = 12.4;
					};
					B6B19E2925C663BC00527862 = {
						CreatedOnToolsVersion = 12.4;
					};
					B6D27D0525D0249500A3F6C6 = {
						CreatedOnToolsVersion = 12.4;
					};
				};
			};
			buildConfigurationList = B6B19E2525C663BC00527862 /* Build configuration list for PBXProject "Landmarks" */;
			compatibilityVersion = "Xcode 9.3";
			developmentRegion = en;
			hasScannedForEncodings = 0;
			knownRegions = (
				en,
				Base,
			);
			mainGroup = B6B19E2125C663BC00527862;
			productRefGroup = B6B19E2B25C663BC00527862 /* Products */;
			projectDirPath = "";
			projectRoot = "";
			targets = (
				B6B19E2925C663BC00527862 /* Landmarks */,
				B68B604225CF900C00086920 /* WatchLandmarks */,
				B68B604B25CF900D00086920 /* WatchLandmarks Extension */,
				B6D27D0525D0249500A3F6C6 /* MacLandmarks */,
			);
		};
/* End PBXProject section */

/* Begin PBXResourcesBuildPhase section */
		B68B604125CF900C00086920 /* Resources */ = {
			isa = PBXResourcesBuildPhase;
			buildActionMask = 2147483647;
			files = (
				B68B604625CF900D00086920 /* Assets.xcassets in Resources */,
			);
			runOnlyForDeploymentPostprocessing = 0;
		};
		B68B604A25CF900D00086920 /* Resources */ = {
			isa = PBXResourcesBuildPhase;
			buildActionMask = 2147483647;
			files = (
				B68B605F25CF900D00086920 /* Preview Assets.xcassets in Resources */,
				B68B607A25CF93DA00086920 /* hikeData.json in Resources */,
				B68B607B25CF93DA00086920 /* Assets.xcassets in Resources */,
				B68B607C25CF93DA00086920 /* landmarkData.json in Resources */,
				B68B605C25CF900D00086920 /* Assets.xcassets in Resources */,
			);
			runOnlyForDeploymentPostprocessing = 0;
		};
		B6B19E2825C663BC00527862 /* Resources */ = {
			isa = PBXResourcesBuildPhase;
			buildActionMask = 2147483647;
			files = (
				B60B5E9625C86BE100D09806 /* hikeData.json in Resources */,
				B6B19E3525C663C000527862 /* Preview Assets.xcassets in Resources */,
				B6B19E3225C663C000527862 /* Assets.xcassets in Resources */,
				B6B19E4525C66FA200527862 /* landmarkData.json in Resources */,
			);
			runOnlyForDeploymentPostprocessing = 0;
		};
		B6D27D0425D0249500A3F6C6 /* Resources */ = {
			isa = PBXResourcesBuildPhase;
			buildActionMask = 2147483647;
			files = (
				B6D27D2325D0252600A3F6C6 /* hikeData.json in Resources */,
				B6D27D1025D0249600A3F6C6 /* Preview Assets.xcassets in Resources */,
				B6D27D0D25D0249600A3F6C6 /* Assets.xcassets in Resources */,
				B6D27D1E25D0252600A3F6C6 /* landmarkData.json in Resources */,
				B6D27D2425D0252600A3F6C6 /* Assets.xcassets in Resources */,
			);
			runOnlyForDeploymentPostprocessing = 0;
		};
/* End PBXResourcesBuildPhase section */

/* Begin PBXSourcesBuildPhase section */
		B68B604825CF900D00086920 /* Sources */ = {
			isa = PBXSourcesBuildPhase;
			buildActionMask = 2147483647;
			files = (
				B68B607825CF93DA00086920 /* Landmark.swift in Sources */,
				B68B605625CF900D00086920 /* NotificationController.swift in Sources */,
				B68B608125CF93DA00086920 /* CircleImage.swift in Sources */,
				B6D27D3625D02EAF00A3F6C6 /* LandmarkList.swift in Sources */,
				B68B605425CF900D00086920 /* ContentView.swift in Sources */,
				B68B607925CF93DA00086920 /* LandmarksApp.swift in Sources */,
				B68B608625CF96BC00086920 /* LandmarkDetail.swift in Sources */,
				B68B607625CF93DA00086920 /* MapView.swift in Sources */,
				B68B608025CF93DA00086920 /* Hike.swift in Sources */,
				B68B605A25CF900D00086920 /* ComplicationController.swift in Sources */,
				B68B605825CF900D00086920 /* NotificationView.swift in Sources */,
				B68B607D25CF93DA00086920 /* Profile.swift in Sources */,
				B68B607E25CF93DA00086920 /* LandmarkRow.swift in Sources */,
				B68B607725CF93DA00086920 /* ModelData.swift in Sources */,
			);
			runOnlyForDeploymentPostprocessing = 0;
		};
		B6B19E2625C663BC00527862 /* Sources */ = {
			isa = PBXSourcesBuildPhase;
			buildActionMask = 2147483647;
			files = (
				B681C5C925C8A2F1007BCC09 /* CategoryRow.swift in Sources */,
				B681C5CF25C8B0EB007BCC09 /* Profile.swift in Sources */,
				B6D27D4025D0409100A3F6C6 /* LandmarkCommands.swift in Sources */,
				B6B19E3025C663BD00527862 /* ContentView.swift in Sources */,
				B681C5C625C8A0F0007BCC09 /* CategoryHome.swift in Sources */,
				B681C5E425C8CA2D007BCC09 /* FeatureCard.swift in Sources */,
				B60B5E9225C865D500D09806 /* Badge.swift in Sources */,
				B6B19E4225C6681D00527862 /* MapView.swift in Sources */,
				B6B19E2E25C663BD00527862 /* LandmarksApp.swift in Sources */,
				B60B5EA725C86DBC00D09806 /* HikeView.swift in Sources */,
				B682426325C6EC91006FA4A8 /* FavoriteButton.swift in Sources */,
				B681C5EA25C8D4CD007BCC09 /* PageControl.swift in Sources */,
				B60B5E8325C85FD900D09806 /* HexagonParameters.swift in Sources */,
				B681C5CC25C8A42E007BCC09 /* CategoryItem.swift in Sources */,
				B60B5E9A25C86CEB00D09806 /* Hike.swift in Sources */,
				B681C5D625C8B2C1007BCC09 /* ProfileSummary.swift in Sources */,
				B60B5E8C25C864F400D09806 /* RotatedBadgeSymbol.swift in Sources */,
				B681C5D325C8B26D007BCC09 /* ProfileHost.swift in Sources */,
				B60B5EA525C86DBC00D09806 /* HikeDetail.swift in Sources */,
				B60B5E8925C8641500D09806 /* BadgeSymbol.swift in Sources */,
				B681C5E725C8CBCE007BCC09 /* PageView.swift in Sources */,
				B6B19E5A25C67BF200527862 /* LandmarkList.swift in Sources */,
				B681C5DC25C8BA16007BCC09 /* ProfileEditor.swift in Sources */,
				B6B19E5D25C67DCB00527862 /* LandmarkDetail.swift in Sources */,
				B60B5EA825C86DBC00D09806 /* HikeGraph.swift in Sources */,
				B60B5E8625C860C400D09806 /* BadgeBackground.swift in Sources */,
				B681C5E025C8C653007BCC09 /* PageViewController.swift in Sources */,
				B6B19E3F25C6673800527862 /* CircleImage.swift in Sources */,
				B681C5D925C8B3E4007BCC09 /* HikeBadge.swift in Sources */,
				B60B5EA625C86DBC00D09806 /* GraphCapsule.swift in Sources */,
				B6B19E4825C66FC200527862 /* Landmark.swift in Sources */,
				B6B19E5725C67A7000527862 /* LandmarkRow.swift in Sources */,
				B6B19E4B25C671D100527862 /* ModelData.swift in Sources */,
			);
			runOnlyForDeploymentPostprocessing = 0;
		};
		B6D27D0225D0249500A3F6C6 /* Sources */ = {
			isa = PBXSourcesBuildPhase;
			buildActionMask = 2147483647;
			files = (
				B6D27D0B25D0249500A3F6C6 /* ContentView.swift in Sources */,
				B6D27D2525D0252600A3F6C6 /* Profile.swift in Sources */,
				B6D27D4825D046AB00A3F6C6 /* LandmarkSettings.swift in Sources */,
				B6D27D2125D0252600A3F6C6 /* CircleImage.swift in Sources */,
				B6D27D2625D0252600A3F6C6 /* Hike.swift in Sources */,
				B6D27D4125D0409100A3F6C6 /* LandmarkCommands.swift in Sources */,
				B6D27D3025D0267E00A3F6C6 /* LandmarkDetail.swift in Sources */,
				B6D27D2825D0252600A3F6C6 /* LandmarkList.swift in Sources */,
				B6D27D1F25D0252600A3F6C6 /* Landmark.swift in Sources */,
				B6D27D2725D0252600A3F6C6 /* ModelData.swift in Sources */,
				B6D27D2925D0252600A3F6C6 /* MapView.swift in Sources */,
				B6D27D2225D0252600A3F6C6 /* LandmarksApp.swift in Sources */,
				B6D27D2A25D0252600A3F6C6 /* FavoriteButton.swift in Sources */,
				B6D27D2025D0252600A3F6C6 /* LandmarkRow.swift in Sources */,
			);
			runOnlyForDeploymentPostprocessing = 0;
		};
/* End PBXSourcesBuildPhase section */

/* Begin PBXTargetDependency section */
		B68B604F25CF900D00086920 /* PBXTargetDependency */ = {
			isa = PBXTargetDependency;
			target = B68B604B25CF900D00086920 /* WatchLandmarks Extension */;
			targetProxy = B68B604E25CF900D00086920 /* PBXContainerItemProxy */;
		};
		B68B606325CF900D00086920 /* PBXTargetDependency */ = {
			isa = PBXTargetDependency;
			target = B68B604225CF900C00086920 /* WatchLandmarks */;
			targetProxy = B68B606225CF900D00086920 /* PBXContainerItemProxy */;
		};
/* End PBXTargetDependency section */

/* Begin XCBuildConfiguration section */
		B68B606625CF900D00086920 /* Debug */ = {
			isa = XCBuildConfiguration;
			buildSettings = {
				ALWAYS_EMBED_SWIFT_STANDARD_LIBRARIES = YES;
				ASSETCATALOG_COMPILER_APPICON_NAME = AppIcon;
				ASSETCATALOG_COMPILER_GLOBAL_ACCENT_COLOR_NAME = AccentColor;
				CODE_SIGN_STYLE = Automatic;
				DEVELOPMENT_TEAM = SBT42698ZV;
				IBSC_MODULE = WatchLandmarks_Extension;
				INFOPLIST_FILE = WatchLandmarks/Info.plist;
				PRODUCT_BUNDLE_IDENTIFIER = com.fquispe.Landmarks.watchkitapp;
				PRODUCT_NAME = "$(TARGET_NAME)";
				SDKROOT = watchos;
				SKIP_INSTALL = YES;
				SWIFT_VERSION = 5.0;
				TARGETED_DEVICE_FAMILY = 4;
				WATCHOS_DEPLOYMENT_TARGET = 7.0;
			};
			name = Debug;
		};
		B68B606725CF900D00086920 /* Release */ = {
			isa = XCBuildConfiguration;
			buildSettings = {
				ALWAYS_EMBED_SWIFT_STANDARD_LIBRARIES = YES;
				ASSETCATALOG_COMPILER_APPICON_NAME = AppIcon;
				ASSETCATALOG_COMPILER_GLOBAL_ACCENT_COLOR_NAME = AccentColor;
				CODE_SIGN_STYLE = Automatic;
				DEVELOPMENT_TEAM = SBT42698ZV;
				IBSC_MODULE = WatchLandmarks_Extension;
				INFOPLIST_FILE = WatchLandmarks/Info.plist;
				PRODUCT_BUNDLE_IDENTIFIER = com.fquispe.Landmarks.watchkitapp;
				PRODUCT_NAME = "$(TARGET_NAME)";
				SDKROOT = watchos;
				SKIP_INSTALL = YES;
				SWIFT_VERSION = 5.0;
				TARGETED_DEVICE_FAMILY = 4;
				WATCHOS_DEPLOYMENT_TARGET = 7.0;
			};
			name = Release;
		};
		B68B606925CF900D00086920 /* Debug */ = {
			isa = XCBuildConfiguration;
			buildSettings = {
				ASSETCATALOG_COMPILER_COMPLICATION_NAME = Complication;
				CODE_SIGN_STYLE = Automatic;
				DEVELOPMENT_ASSET_PATHS = "\"WatchLandmarks Extension/Preview Content\"";
				DEVELOPMENT_TEAM = SBT42698ZV;
				ENABLE_PREVIEWS = YES;
				INFOPLIST_FILE = "WatchLandmarks Extension/Info.plist";
				LD_RUNPATH_SEARCH_PATHS = (
					"$(inherited)",
					"@executable_path/Frameworks",
					"@executable_path/../../Frameworks",
				);
				PRODUCT_BUNDLE_IDENTIFIER = com.fquispe.Landmarks.watchkitapp.watchkitextension;
				PRODUCT_NAME = "${TARGET_NAME}";
				SDKROOT = watchos;
				SKIP_INSTALL = YES;
				SWIFT_VERSION = 5.0;
				TARGETED_DEVICE_FAMILY = 4;
				WATCHOS_DEPLOYMENT_TARGET = 7.0;
			};
			name = Debug;
		};
		B68B606A25CF900D00086920 /* Release */ = {
			isa = XCBuildConfiguration;
			buildSettings = {
				ASSETCATALOG_COMPILER_COMPLICATION_NAME = Complication;
				CODE_SIGN_STYLE = Automatic;
				DEVELOPMENT_ASSET_PATHS = "\"WatchLandmarks Extension/Preview Content\"";
				DEVELOPMENT_TEAM = SBT42698ZV;
				ENABLE_PREVIEWS = YES;
				INFOPLIST_FILE = "WatchLandmarks Extension/Info.plist";
				LD_RUNPATH_SEARCH_PATHS = (
					"$(inherited)",
					"@executable_path/Frameworks",
					"@executable_path/../../Frameworks",
				);
				PRODUCT_BUNDLE_IDENTIFIER = com.fquispe.Landmarks.watchkitapp.watchkitextension;
				PRODUCT_NAME = "${TARGET_NAME}";
				SDKROOT = watchos;
				SKIP_INSTALL = YES;
				SWIFT_VERSION = 5.0;
				TARGETED_DEVICE_FAMILY = 4;
				WATCHOS_DEPLOYMENT_TARGET = 7.0;
			};
			name = Release;
		};
		B6B19E3725C663C000527862 /* Debug */ = {
			isa = XCBuildConfiguration;
			buildSettings = {
				ALWAYS_SEARCH_USER_PATHS = NO;
				CLANG_ANALYZER_NONNULL = YES;
				CLANG_ANALYZER_NUMBER_OBJECT_CONVERSION = YES_AGGRESSIVE;
				CLANG_CXX_LANGUAGE_STANDARD = "gnu++14";
				CLANG_CXX_LIBRARY = "libc++";
				CLANG_ENABLE_MODULES = YES;
				CLANG_ENABLE_OBJC_ARC = YES;
				CLANG_ENABLE_OBJC_WEAK = YES;
				CLANG_WARN_BLOCK_CAPTURE_AUTORELEASING = YES;
				CLANG_WARN_BOOL_CONVERSION = YES;
				CLANG_WARN_COMMA = YES;
				CLANG_WARN_CONSTANT_CONVERSION = YES;
				CLANG_WARN_DEPRECATED_OBJC_IMPLEMENTATIONS = YES;
				CLANG_WARN_DIRECT_OBJC_ISA_USAGE = YES_ERROR;
				CLANG_WARN_DOCUMENTATION_COMMENTS = YES;
				CLANG_WARN_EMPTY_BODY = YES;
				CLANG_WARN_ENUM_CONVERSION = YES;
				CLANG_WARN_INFINITE_RECURSION = YES;
				CLANG_WARN_INT_CONVERSION = YES;
				CLANG_WARN_NON_LITERAL_NULL_CONVERSION = YES;
				CLANG_WARN_OBJC_IMPLICIT_RETAIN_SELF = YES;
				CLANG_WARN_OBJC_LITERAL_CONVERSION = YES;
				CLANG_WARN_OBJC_ROOT_CLASS = YES_ERROR;
				CLANG_WARN_QUOTED_INCLUDE_IN_FRAMEWORK_HEADER = YES;
				CLANG_WARN_RANGE_LOOP_ANALYSIS = YES;
				CLANG_WARN_STRICT_PROTOTYPES = YES;
				CLANG_WARN_SUSPICIOUS_MOVE = YES;
				CLANG_WARN_UNGUARDED_AVAILABILITY = YES_AGGRESSIVE;
				CLANG_WARN_UNREACHABLE_CODE = YES;
				CLANG_WARN__DUPLICATE_METHOD_MATCH = YES;
				COPY_PHASE_STRIP = NO;
				DEBUG_INFORMATION_FORMAT = dwarf;
				ENABLE_STRICT_OBJC_MSGSEND = YES;
				ENABLE_TESTABILITY = YES;
				GCC_C_LANGUAGE_STANDARD = gnu11;
				GCC_DYNAMIC_NO_PIC = NO;
				GCC_NO_COMMON_BLOCKS = YES;
				GCC_OPTIMIZATION_LEVEL = 0;
				GCC_PREPROCESSOR_DEFINITIONS = (
					"DEBUG=1",
					"$(inherited)",
				);
				GCC_WARN_64_TO_32_BIT_CONVERSION = YES;
				GCC_WARN_ABOUT_RETURN_TYPE = YES_ERROR;
				GCC_WARN_UNDECLARED_SELECTOR = YES;
				GCC_WARN_UNINITIALIZED_AUTOS = YES_AGGRESSIVE;
				GCC_WARN_UNUSED_FUNCTION = YES;
				GCC_WARN_UNUSED_VARIABLE = YES;
				IPHONEOS_DEPLOYMENT_TARGET = 14.4;
				MTL_ENABLE_DEBUG_INFO = INCLUDE_SOURCE;
				MTL_FAST_MATH = YES;
				ONLY_ACTIVE_ARCH = YES;
				SDKROOT = iphoneos;
				SWIFT_ACTIVE_COMPILATION_CONDITIONS = DEBUG;
				SWIFT_OPTIMIZATION_LEVEL = "-Onone";
			};
			name = Debug;
		};
		B6B19E3825C663C000527862 /* Release */ = {
			isa = XCBuildConfiguration;
			buildSettings = {
				ALWAYS_SEARCH_USER_PATHS = NO;
				CLANG_ANALYZER_NONNULL = YES;
				CLANG_ANALYZER_NUMBER_OBJECT_CONVERSION = YES_AGGRESSIVE;
				CLANG_CXX_LANGUAGE_STANDARD = "gnu++14";
				CLANG_CXX_LIBRARY = "libc++";
				CLANG_ENABLE_MODULES = YES;
				CLANG_ENABLE_OBJC_ARC = YES;
				CLANG_ENABLE_OBJC_WEAK = YES;
				CLANG_WARN_BLOCK_CAPTURE_AUTORELEASING = YES;
				CLANG_WARN_BOOL_CONVERSION = YES;
				CLANG_WARN_COMMA = YES;
				CLANG_WARN_CONSTANT_CONVERSION = YES;
				CLANG_WARN_DEPRECATED_OBJC_IMPLEMENTATIONS = YES;
				CLANG_WARN_DIRECT_OBJC_ISA_USAGE = YES_ERROR;
				CLANG_WARN_DOCUMENTATION_COMMENTS = YES;
				CLANG_WARN_EMPTY_BODY = YES;
				CLANG_WARN_ENUM_CONVERSION = YES;
				CLANG_WARN_INFINITE_RECURSION = YES;
				CLANG_WARN_INT_CONVERSION = YES;
				CLANG_WARN_NON_LITERAL_NULL_CONVERSION = YES;
				CLANG_WARN_OBJC_IMPLICIT_RETAIN_SELF = YES;
				CLANG_WARN_OBJC_LITERAL_CONVERSION = YES;
				CLANG_WARN_OBJC_ROOT_CLASS = YES_ERROR;
				CLANG_WARN_QUOTED_INCLUDE_IN_FRAMEWORK_HEADER = YES;
				CLANG_WARN_RANGE_LOOP_ANALYSIS = YES;
				CLANG_WARN_STRICT_PROTOTYPES = YES;
				CLANG_WARN_SUSPICIOUS_MOVE = YES;
				CLANG_WARN_UNGUARDED_AVAILABILITY = YES_AGGRESSIVE;
				CLANG_WARN_UNREACHABLE_CODE = YES;
				CLANG_WARN__DUPLICATE_METHOD_MATCH = YES;
				COPY_PHASE_STRIP = NO;
				DEBUG_INFORMATION_FORMAT = "dwarf-with-dsym";
				ENABLE_NS_ASSERTIONS = NO;
				ENABLE_STRICT_OBJC_MSGSEND = YES;
				GCC_C_LANGUAGE_STANDARD = gnu11;
				GCC_NO_COMMON_BLOCKS = YES;
				GCC_WARN_64_TO_32_BIT_CONVERSION = YES;
				GCC_WARN_ABOUT_RETURN_TYPE = YES_ERROR;
				GCC_WARN_UNDECLARED_SELECTOR = YES;
				GCC_WARN_UNINITIALIZED_AUTOS = YES_AGGRESSIVE;
				GCC_WARN_UNUSED_FUNCTION = YES;
				GCC_WARN_UNUSED_VARIABLE = YES;
				IPHONEOS_DEPLOYMENT_TARGET = 14.4;
				MTL_ENABLE_DEBUG_INFO = NO;
				MTL_FAST_MATH = YES;
				SDKROOT = iphoneos;
				SWIFT_COMPILATION_MODE = wholemodule;
				SWIFT_OPTIMIZATION_LEVEL = "-O";
				VALIDATE_PRODUCT = YES;
			};
			name = Release;
		};
		B6B19E3A25C663C000527862 /* Debug */ = {
			isa = XCBuildConfiguration;
			buildSettings = {
				ASSETCATALOG_COMPILER_APPICON_NAME = AppIcon;
				ASSETCATALOG_COMPILER_GLOBAL_ACCENT_COLOR_NAME = AccentColor;
				CODE_SIGN_STYLE = Automatic;
				DEVELOPMENT_ASSET_PATHS = "\"Landmarks/Preview Content\"";
				DEVELOPMENT_TEAM = SBT42698ZV;
				ENABLE_PREVIEWS = YES;
				INFOPLIST_FILE = Landmarks/Info.plist;
				IPHONEOS_DEPLOYMENT_TARGET = 14.0;
				LD_RUNPATH_SEARCH_PATHS = (
					"$(inherited)",
					"@executable_path/Frameworks",
				);
				PRODUCT_BUNDLE_IDENTIFIER = com.fquispe.Landmarks;
				PRODUCT_NAME = "$(TARGET_NAME)";
				SWIFT_VERSION = 5.0;
				TARGETED_DEVICE_FAMILY = "1,2";
			};
			name = Debug;
		};
		B6B19E3B25C663C000527862 /* Release */ = {
			isa = XCBuildConfiguration;
			buildSettings = {
				ASSETCATALOG_COMPILER_APPICON_NAME = AppIcon;
				ASSETCATALOG_COMPILER_GLOBAL_ACCENT_COLOR_NAME = AccentColor;
				CODE_SIGN_STYLE = Automatic;
				DEVELOPMENT_ASSET_PATHS = "\"Landmarks/Preview Content\"";
				DEVELOPMENT_TEAM = SBT42698ZV;
				ENABLE_PREVIEWS = YES;
				INFOPLIST_FILE = Landmarks/Info.plist;
				IPHONEOS_DEPLOYMENT_TARGET = 14.0;
				LD_RUNPATH_SEARCH_PATHS = (
					"$(inherited)",
					"@executable_path/Frameworks",
				);
				PRODUCT_BUNDLE_IDENTIFIER = com.fquispe.Landmarks;
				PRODUCT_NAME = "$(TARGET_NAME)";
				SWIFT_VERSION = 5.0;
				TARGETED_DEVICE_FAMILY = "1,2";
			};
			name = Release;
		};
		B6D27D1325D0249600A3F6C6 /* Debug */ = {
			isa = XCBuildConfiguration;
			buildSettings = {
				ASSETCATALOG_COMPILER_APPICON_NAME = AppIcon;
				ASSETCATALOG_COMPILER_GLOBAL_ACCENT_COLOR_NAME = AccentColor;
				CODE_SIGN_ENTITLEMENTS = MacLandmarks/MacLandmarks.entitlements;
				CODE_SIGN_STYLE = Automatic;
				COMBINE_HIDPI_IMAGES = YES;
				DEVELOPMENT_ASSET_PATHS = "\"MacLandmarks/Preview Content\"";
				DEVELOPMENT_TEAM = SBT42698ZV;
				ENABLE_HARDENED_RUNTIME = YES;
				ENABLE_PREVIEWS = YES;
				INFOPLIST_FILE = MacLandmarks/Info.plist;
				LD_RUNPATH_SEARCH_PATHS = (
					"$(inherited)",
					"@executable_path/../Frameworks",
				);
				MACOSX_DEPLOYMENT_TARGET = 11.1;
				PRODUCT_BUNDLE_IDENTIFIER = com.fquispe.MacLandmarks;
				PRODUCT_NAME = "$(TARGET_NAME)";
				SDKROOT = macosx;
				SWIFT_VERSION = 5.0;
			};
			name = Debug;
		};
		B6D27D1425D0249600A3F6C6 /* Release */ = {
			isa = XCBuildConfiguration;
			buildSettings = {
				ASSETCATALOG_COMPILER_APPICON_NAME = AppIcon;
				ASSETCATALOG_COMPILER_GLOBAL_ACCENT_COLOR_NAME = AccentColor;
				CODE_SIGN_ENTITLEMENTS = MacLandmarks/MacLandmarks.entitlements;
				CODE_SIGN_STYLE = Automatic;
				COMBINE_HIDPI_IMAGES = YES;
				DEVELOPMENT_ASSET_PATHS = "\"MacLandmarks/Preview Content\"";
				DEVELOPMENT_TEAM = SBT42698ZV;
				ENABLE_HARDENED_RUNTIME = YES;
				ENABLE_PREVIEWS = YES;
				INFOPLIST_FILE = MacLandmarks/Info.plist;
				LD_RUNPATH_SEARCH_PATHS = (
					"$(inherited)",
					"@executable_path/../Frameworks",
				);
				MACOSX_DEPLOYMENT_TARGET = 11.1;
				PRODUCT_BUNDLE_IDENTIFIER = com.fquispe.MacLandmarks;
				PRODUCT_NAME = "$(TARGET_NAME)";
				SDKROOT = macosx;
				SWIFT_VERSION = 5.0;
			};
			name = Release;
		};
/* End XCBuildConfiguration section */

/* Begin XCConfigurationList section */
		B68B606B25CF900E00086920 /* Build configuration list for PBXNativeTarget "WatchLandmarks Extension" */ = {
			isa = XCConfigurationList;
			buildConfigurations = (
				B68B606925CF900D00086920 /* Debug */,
				B68B606A25CF900D00086920 /* Release */,
			);
			defaultConfigurationIsVisible = 0;
			defaultConfigurationName = Release;
		};
		B68B606C25CF900E00086920 /* Build configuration list for PBXNativeTarget "WatchLandmarks" */ = {
			isa = XCConfigurationList;
			buildConfigurations = (
				B68B606625CF900D00086920 /* Debug */,
				B68B606725CF900D00086920 /* Release */,
			);
			defaultConfigurationIsVisible = 0;
			defaultConfigurationName = Release;
		};
		B6B19E2525C663BC00527862 /* Build configuration list for PBXProject "Landmarks" */ = {
			isa = XCConfigurationList;
			buildConfigurations = (
				B6B19E3725C663C000527862 /* Debug */,
				B6B19E3825C663C000527862 /* Release */,
			);
			defaultConfigurationIsVisible = 0;
			defaultConfigurationName = Release;
		};
		B6B19E3925C663C000527862 /* Build configuration list for PBXNativeTarget "Landmarks" */ = {
			isa = XCConfigurationList;
			buildConfigurations = (
				B6B19E3A25C663C000527862 /* Debug */,
				B6B19E3B25C663C000527862 /* Release */,
			);
			defaultConfigurationIsVisible = 0;
			defaultConfigurationName = Release;
		};
		B6D27D1525D0249600A3F6C6 /* Build configuration list for PBXNativeTarget "MacLandmarks" */ = {
			isa = XCConfigurationList;
			buildConfigurations = (
				B6D27D1325D0249600A3F6C6 /* Debug */,
				B6D27D1425D0249600A3F6C6 /* Release */,
			);
			defaultConfigurationIsVisible = 0;
			defaultConfigurationName = Release;
		};
/* End XCConfigurationList section */
	};
	rootObject = B6B19E2225C663BC00527862 /* Project object */;
}
