// !$*UTF8*$!
{
	archiveVersion = 1;
	classes = {
	};
	objectVersion = 50;
	objects = {

/* Begin PBXBuildFile section */
		B60B5E8325C85FD900D09806 /* HexagonParameters.swift in Sources */ = {isa = PBXBuildFile; fileRef = B60B5E8225C85FD900D09806 /* HexagonParameters.swift */; };
		B60B5E8625C860C400D09806 /* BadgeBackground.swift in Sources */ = {isa = PBXBuildFile; fileRef = B60B5E8525C860C400D09806 /* BadgeBackground.swift */; };
		B60B5E8925C8641500D09806 /* BadgeSymbol.swift in Sources */ = {isa = PBXBuildFile; fileRef = B60B5E8825C8641500D09806 /* BadgeSymbol.swift */; };
		B60B5E8C25C864F400D09806 /* RotatedBadgeSymbol.swift in Sources */ = {isa = PBXBuildFile; fileRef = B60B5E8B25C864F400D09806 /* RotatedBadgeSymbol.swift */; };
		B60B5E9225C865D500D09806 /* Badge.swift in Sources */ = {isa = PBXBuildFile; fileRef = B60B5E9125C865D500D09806 /* Badge.swift */; };
		B60B5E9625C86BE100D09806 /* hikeData.json in Resources */ = {isa = PBXBuildFile; fileRef = B60B5E9525C86BE100D09806 /* hikeData.json */; };
		B60B5E9A25C86CEB00D09806 /* Hike.swift in Sources */ = {isa = PBXBuildFile; fileRef = B60B5E9925C86CEB00D09806 /* Hike.swift */; };
		B60B5EA525C86DBC00D09806 /* HikeDetail.swift in Sources */ = {isa = PBXBuildFile; fileRef = B60B5EA125C86DBB00D09806 /* HikeDetail.swift */; };
		B60B5EA625C86DBC00D09806 /* GraphCapsule.swift in Sources */ = {isa = PBXBuildFile; fileRef = B60B5EA225C86DBC00D09806 /* GraphCapsule.swift */; };
		B60B5EA725C86DBC00D09806 /* HikeView.swift in Sources */ = {isa = PBXBuildFile; fileRef = B60B5EA325C86DBC00D09806 /* HikeView.swift */; };
		B60B5EA825C86DBC00D09806 /* HikeGraph.swift in Sources */ = {isa = PBXBuildFile; fileRef = B60B5EA425C86DBC00D09806 /* HikeGraph.swift */; };
		B682426325C6EC91006FA4A8 /* FavoriteButton.swift in Sources */ = {isa = PBXBuildFile; fileRef = B682426225C6EC91006FA4A8 /* FavoriteButton.swift */; };
		B6B19E2E25C663BD00527862 /* LandmarksApp.swift in Sources */ = {isa = PBXBuildFile; fileRef = B6B19E2D25C663BD00527862 /* LandmarksApp.swift */; };
		B6B19E3025C663BD00527862 /* ContentView.swift in Sources */ = {isa = PBXBuildFile; fileRef = B6B19E2F25C663BD00527862 /* ContentView.swift */; };
		B6B19E3225C663C000527862 /* Assets.xcassets in Resources */ = {isa = PBXBuildFile; fileRef = B6B19E3125C663C000527862 /* Assets.xcassets */; };
		B6B19E3525C663C000527862 /* Preview Assets.xcassets in Resources */ = {isa = PBXBuildFile; fileRef = B6B19E3425C663C000527862 /* Preview Assets.xcassets */; };
		B6B19E3F25C6673800527862 /* CircleImage.swift in Sources */ = {isa = PBXBuildFile; fileRef = B6B19E3E25C6673800527862 /* CircleImage.swift */; };
		B6B19E4225C6681D00527862 /* MapView.swift in Sources */ = {isa = PBXBuildFile; fileRef = B6B19E4125C6681D00527862 /* MapView.swift */; };
		B6B19E4525C66FA200527862 /* landmarkData.json in Resources */ = {isa = PBXBuildFile; fileRef = B6B19E4425C66FA200527862 /* landmarkData.json */; };
		B6B19E4825C66FC200527862 /* Landmark.swift in Sources */ = {isa = PBXBuildFile; fileRef = B6B19E4725C66FC200527862 /* Landmark.swift */; };
		B6B19E4B25C671D100527862 /* ModelData.swift in Sources */ = {isa = PBXBuildFile; fileRef = B6B19E4A25C671D100527862 /* ModelData.swift */; };
		B6B19E5725C67A7000527862 /* LandmarkRow.swift in Sources */ = {isa = PBXBuildFile; fileRef = B6B19E5625C67A7000527862 /* LandmarkRow.swift */; };
		B6B19E5A25C67BF200527862 /* LandmarkList.swift in Sources */ = {isa = PBXBuildFile; fileRef = B6B19E5925C67BF200527862 /* LandmarkList.swift */; };
		B6B19E5D25C67DCB00527862 /* LandmarkDetail.swift in Sources */ = {isa = PBXBuildFile; fileRef = B6B19E5C25C67DCB00527862 /* LandmarkDetail.swift */; };
/* End PBXBuildFile section */

/* Begin PBXFileReference section */
		B60B5E8225C85FD900D09806 /* HexagonParameters.swift */ = {isa = PBXFileReference; lastKnownFileType = sourcecode.swift; path = HexagonParameters.swift; sourceTree = "<group>"; };
		B60B5E8525C860C400D09806 /* BadgeBackground.swift */ = {isa = PBXFileReference; lastKnownFileType = sourcecode.swift; path = BadgeBackground.swift; sourceTree = "<group>"; };
		B60B5E8825C8641500D09806 /* BadgeSymbol.swift */ = {isa = PBXFileReference; lastKnownFileType = sourcecode.swift; path = BadgeSymbol.swift; sourceTree = "<group>"; };
		B60B5E8B25C864F400D09806 /* RotatedBadgeSymbol.swift */ = {isa = PBXFileReference; lastKnownFileType = sourcecode.swift; path = RotatedBadgeSymbol.swift; sourceTree = "<group>"; };
		B60B5E9125C865D500D09806 /* Badge.swift */ = {isa = PBXFileReference; lastKnownFileType = sourcecode.swift; path = Badge.swift; sourceTree = "<group>"; };
		B60B5E9525C86BE100D09806 /* hikeData.json */ = {isa = PBXFileReference; fileEncoding = 4; lastKnownFileType = text.json; path = hikeData.json; sourceTree = "<group>"; };
		B60B5E9925C86CEB00D09806 /* Hike.swift */ = {isa = PBXFileReference; lastKnownFileType = sourcecode.swift; path = Hike.swift; sourceTree = "<group>"; };
		B60B5EA125C86DBB00D09806 /* HikeDetail.swift */ = {isa = PBXFileReference; fileEncoding = 4; lastKnownFileType = sourcecode.swift; path = HikeDetail.swift; sourceTree = "<group>"; };
		B60B5EA225C86DBC00D09806 /* GraphCapsule.swift */ = {isa = PBXFileReference; fileEncoding = 4; lastKnownFileType = sourcecode.swift; path = GraphCapsule.swift; sourceTree = "<group>"; };
		B60B5EA325C86DBC00D09806 /* HikeView.swift */ = {isa = PBXFileReference; fileEncoding = 4; lastKnownFileType = sourcecode.swift; path = HikeView.swift; sourceTree = "<group>"; };
		B60B5EA425C86DBC00D09806 /* HikeGraph.swift */ = {isa = PBXFileReference; fileEncoding = 4; lastKnownFileType = sourcecode.swift; path = HikeGraph.swift; sourceTree = "<group>"; };
		B682426225C6EC91006FA4A8 /* FavoriteButton.swift */ = {isa = PBXFileReference; lastKnownFileType = sourcecode.swift; path = FavoriteButton.swift; sourceTree = "<group>"; };
		B6B19E2A25C663BC00527862 /* Landmarks.app */ = {isa = PBXFileReference; explicitFileType = wrapper.application; includeInIndex = 0; path = Landmarks.app; sourceTree = BUILT_PRODUCTS_DIR; };
		B6B19E2D25C663BD00527862 /* LandmarksApp.swift */ = {isa = PBXFileReference; lastKnownFileType = sourcecode.swift; path = LandmarksApp.swift; sourceTree = "<group>"; };
		B6B19E2F25C663BD00527862 /* ContentView.swift */ = {isa = PBXFileReference; lastKnownFileType = sourcecode.swift; path = ContentView.swift; sourceTree = "<group>"; };
		B6B19E3125C663C000527862 /* Assets.xcassets */ = {isa = PBXFileReference; lastKnownFileType = folder.assetcatalog; path = Assets.xcassets; sourceTree = "<group>"; };
		B6B19E3425C663C000527862 /* Preview Assets.xcassets */ = {isa = PBXFileReference; lastKnownFileType = folder.assetcatalog; path = "Preview Assets.xcassets"; sourceTree = "<group>"; };
		B6B19E3625C663C000527862 /* Info.plist */ = {isa = PBXFileReference; lastKnownFileType = text.plist.xml; path = Info.plist; sourceTree = "<group>"; };
		B6B19E3E25C6673800527862 /* CircleImage.swift */ = {isa = PBXFileReference; lastKnownFileType = sourcecode.swift; path = CircleImage.swift; sourceTree = "<group>"; };
		B6B19E4125C6681D00527862 /* MapView.swift */ = {isa = PBXFileReference; lastKnownFileType = sourcecode.swift; path = MapView.swift; sourceTree = "<group>"; };
		B6B19E4425C66FA200527862 /* landmarkData.json */ = {isa = PBXFileReference; fileEncoding = 4; lastKnownFileType = text.json; path = landmarkData.json; sourceTree = "<group>"; };
		B6B19E4725C66FC200527862 /* Landmark.swift */ = {isa = PBXFileReference; lastKnownFileType = sourcecode.swift; path = Landmark.swift; sourceTree = "<group>"; };
		B6B19E4A25C671D100527862 /* ModelData.swift */ = {isa = PBXFileReference; lastKnownFileType = sourcecode.swift; path = ModelData.swift; sourceTree = "<group>"; };
		B6B19E5625C67A7000527862 /* LandmarkRow.swift */ = {isa = PBXFileReference; lastKnownFileType = sourcecode.swift; path = LandmarkRow.swift; sourceTree = "<group>"; };
		B6B19E5925C67BF200527862 /* LandmarkList.swift */ = {isa = PBXFileReference; lastKnownFileType = sourcecode.swift; path = LandmarkList.swift; sourceTree = "<group>"; };
		B6B19E5C25C67DCB00527862 /* LandmarkDetail.swift */ = {isa = PBXFileReference; lastKnownFileType = sourcecode.swift; path = LandmarkDetail.swift; sourceTree = "<group>"; };
/* End PBXFileReference section */

/* Begin PBXFrameworksBuildPhase section */
		B6B19E2725C663BC00527862 /* Frameworks */ = {
			isa = PBXFrameworksBuildPhase;
			buildActionMask = 2147483647;
			files = (
			);
			runOnlyForDeploymentPostprocessing = 0;
		};
/* End PBXFrameworksBuildPhase section */

/* Begin PBXGroup section */
		B60B5E8F25C8659200D09806 /* Badges */ = {
			isa = PBXGroup;
			children = (
				B60B5E9125C865D500D09806 /* Badge.swift */,
				B60B5E8525C860C400D09806 /* BadgeBackground.swift */,
				B60B5E8825C8641500D09806 /* BadgeSymbol.swift */,
				B60B5E8B25C864F400D09806 /* RotatedBadgeSymbol.swift */,
				B60B5E8225C85FD900D09806 /* HexagonParameters.swift */,
			);
			path = Badges;
			sourceTree = "<group>";
		};
		B60B5E9825C86CD300D09806 /* Hikes */ = {
			isa = PBXGroup;
			children = (
				B60B5EA225C86DBC00D09806 /* GraphCapsule.swift */,
				B60B5EA125C86DBB00D09806 /* HikeDetail.swift */,
				B60B5EA425C86DBC00D09806 /* HikeGraph.swift */,
				B60B5EA325C86DBC00D09806 /* HikeView.swift */,
			);
			path = Hikes;
			sourceTree = "<group>";
		};
		B682426525C6ECFC006FA4A8 /* Lugares */ = {
			isa = PBXGroup;
			children = (
				B6B19E5625C67A7000527862 /* LandmarkRow.swift */,
				B6B19E5925C67BF200527862 /* LandmarkList.swift */,
				B6B19E5C25C67DCB00527862 /* LandmarkDetail.swift */,
			);
			path = Lugares;
			sourceTree = "<group>";
		};
		B682426725C6ED10006FA4A8 /* Helpers */ = {
			isa = PBXGroup;
			children = (
				B6B19E3E25C6673800527862 /* CircleImage.swift */,
				B6B19E4125C6681D00527862 /* MapView.swift */,
				B682426225C6EC91006FA4A8 /* FavoriteButton.swift */,
			);
			path = Helpers;
			sourceTree = "<group>";
		};
		B6B19E2125C663BC00527862 = {
			isa = PBXGroup;
			children = (
				B6B19E2C25C663BD00527862 /* Landmarks */,
				B6B19E2B25C663BC00527862 /* Products */,
			);
			sourceTree = "<group>";
		};
		B6B19E2B25C663BC00527862 /* Products */ = {
			isa = PBXGroup;
			children = (
				B6B19E2A25C663BC00527862 /* Landmarks.app */,
			);
			name = Products;
			sourceTree = "<group>";
		};
		B6B19E2C25C663BD00527862 /* Landmarks */ = {
			isa = PBXGroup;
			children = (
				B6B19E2D25C663BD00527862 /* LandmarksApp.swift */,
				B6B19E4D25C672B400527862 /* Views */,
				B6B19E4F25C672C700527862 /* Model */,
				B6B19E5325C672EA00527862 /* Resources */,
				B6B19E3125C663C000527862 /* Assets.xcassets */,
				B6B19E3625C663C000527862 /* Info.plist */,
				B6B19E3325C663C000527862 /* Preview Content */,
			);
			path = Landmarks;
			sourceTree = "<group>";
		};
		B6B19E3325C663C000527862 /* Preview Content */ = {
			isa = PBXGroup;
			children = (
				B6B19E3425C663C000527862 /* Preview Assets.xcassets */,
			);
			path = "Preview Content";
			sourceTree = "<group>";
		};
		B6B19E4D25C672B400527862 /* Views */ = {
			isa = PBXGroup;
			children = (
				B6B19E2F25C663BD00527862 /* ContentView.swift */,
				B60B5E8F25C8659200D09806 /* Badges */,
				B60B5E9825C86CD300D09806 /* Hikes */,
				B682426525C6ECFC006FA4A8 /* Lugares */,
				B682426725C6ED10006FA4A8 /* Helpers */,
			);
			path = Views;
			sourceTree = "<group>";
		};
		B6B19E4F25C672C700527862 /* Model */ = {
			isa = PBXGroup;
			children = (
				B60B5E9925C86CEB00D09806 /* Hike.swift */,
				B6B19E4A25C671D100527862 /* ModelData.swift */,
				B6B19E4725C66FC200527862 /* Landmark.swift */,
			);
			path = Model;
			sourceTree = "<group>";
		};
		B6B19E5325C672EA00527862 /* Resources */ = {
			isa = PBXGroup;
			children = (
				B6B19E4425C66FA200527862 /* landmarkData.json */,
				B60B5E9525C86BE100D09806 /* hikeData.json */,
			);
			path = Resources;
			sourceTree = "<group>";
		};
/* End PBXGroup section */

/* Begin PBXNativeTarget section */
		B6B19E2925C663BC00527862 /* Landmarks */ = {
			isa = PBXNativeTarget;
			buildConfigurationList = B6B19E3925C663C000527862 /* Build configuration list for PBXNativeTarget "Landmarks" */;
			buildPhases = (
				B6B19E2625C663BC00527862 /* Sources */,
				B6B19E2725C663BC00527862 /* Frameworks */,
				B6B19E2825C663BC00527862 /* Resources */,
			);
			buildRules = (
			);
			dependencies = (
			);
			name = Landmarks;
			productName = Landmarks;
			productReference = B6B19E2A25C663BC00527862 /* Landmarks.app */;
			productType = "com.apple.product-type.application";
		};
/* End PBXNativeTarget section */

/* Begin PBXProject section */
		B6B19E2225C663BC00527862 /* Project object */ = {
			isa = PBXProject;
			attributes = {
				LastSwiftUpdateCheck = 1240;
				LastUpgradeCheck = 1240;
				TargetAttributes = {
					B6B19E2925C663BC00527862 = {
						CreatedOnToolsVersion = 12.4;
					};
				};
			};
			buildConfigurationList = B6B19E2525C663BC00527862 /* Build configuration list for PBXProject "Landmarks" */;
			compatibilityVersion = "Xcode 9.3";
			developmentRegion = en;
			hasScannedForEncodings = 0;
			knownRegions = (
				en,
				Base,
			);
			mainGroup = B6B19E2125C663BC00527862;
			productRefGroup = B6B19E2B25C663BC00527862 /* Products */;
			projectDirPath = "";
			projectRoot = "";
			targets = (
				B6B19E2925C663BC00527862 /* Landmarks */,
			);
		};
/* End PBXProject section */

/* Begin PBXResourcesBuildPhase section */
		B6B19E2825C663BC00527862 /* Resources */ = {
			isa = PBXResourcesBuildPhase;
			buildActionMask = 2147483647;
			files = (
				B60B5E9625C86BE100D09806 /* hikeData.json in Resources */,
				B6B19E3525C663C000527862 /* Preview Assets.xcassets in Resources */,
				B6B19E3225C663C000527862 /* Assets.xcassets in Resources */,
				B6B19E4525C66FA200527862 /* landmarkData.json in Resources */,
			);
			runOnlyForDeploymentPostprocessing = 0;
		};
/* End PBXResourcesBuildPhase section */

/* Begin PBXSourcesBuildPhase section */
		B6B19E2625C663BC00527862 /* Sources */ = {
			isa = PBXSourcesBuildPhase;
			buildActionMask = 2147483647;
			files = (
				B6B19E3025C663BD00527862 /* ContentView.swift in Sources */,
				B60B5E9225C865D500D09806 /* Badge.swift in Sources */,
				B6B19E4225C6681D00527862 /* MapView.swift in Sources */,
				B6B19E2E25C663BD00527862 /* LandmarksApp.swift in Sources */,
				B60B5EA725C86DBC00D09806 /* HikeView.swift in Sources */,
				B682426325C6EC91006FA4A8 /* FavoriteButton.swift in Sources */,
				B60B5E8325C85FD900D09806 /* HexagonParameters.swift in Sources */,
				B60B5E9A25C86CEB00D09806 /* Hike.swift in Sources */,
				B60B5E8C25C864F400D09806 /* RotatedBadgeSymbol.swift in Sources */,
				B60B5EA525C86DBC00D09806 /* HikeDetail.swift in Sources */,
				B60B5E8925C8641500D09806 /* BadgeSymbol.swift in Sources */,
				B6B19E5A25C67BF200527862 /* LandmarkList.swift in Sources */,
				B6B19E5D25C67DCB00527862 /* LandmarkDetail.swift in Sources */,
				B60B5EA825C86DBC00D09806 /* HikeGraph.swift in Sources */,
				B60B5E8625C860C400D09806 /* BadgeBackground.swift in Sources */,
				B6B19E3F25C6673800527862 /* CircleImage.swift in Sources */,
				B60B5EA625C86DBC00D09806 /* GraphCapsule.swift in Sources */,
				B6B19E4825C66FC200527862 /* Landmark.swift in Sources */,
				B6B19E5725C67A7000527862 /* LandmarkRow.swift in Sources */,
				B6B19E4B25C671D100527862 /* ModelData.swift in Sources */,
			);
			runOnlyForDeploymentPostprocessing = 0;
		};
/* End PBXSourcesBuildPhase section */

/* Begin XCBuildConfiguration section */
		B6B19E3725C663C000527862 /* Debug */ = {
			isa = XCBuildConfiguration;
			buildSettings = {
				ALWAYS_SEARCH_USER_PATHS = NO;
				CLANG_ANALYZER_NONNULL = YES;
				CLANG_ANALYZER_NUMBER_OBJECT_CONVERSION = YES_AGGRESSIVE;
				CLANG_CXX_LANGUAGE_STANDARD = "gnu++14";
				CLANG_CXX_LIBRARY = "libc++";
				CLANG_ENABLE_MODULES = YES;
				CLANG_ENABLE_OBJC_ARC = YES;
				CLANG_ENABLE_OBJC_WEAK = YES;
				CLANG_WARN_BLOCK_CAPTURE_AUTORELEASING = YES;
				CLANG_WARN_BOOL_CONVERSION = YES;
				CLANG_WARN_COMMA = YES;
				CLANG_WARN_CONSTANT_CONVERSION = YES;
				CLANG_WARN_DEPRECATED_OBJC_IMPLEMENTATIONS = YES;
				CLANG_WARN_DIRECT_OBJC_ISA_USAGE = YES_ERROR;
				CLANG_WARN_DOCUMENTATION_COMMENTS = YES;
				CLANG_WARN_EMPTY_BODY = YES;
				CLANG_WARN_ENUM_CONVERSION = YES;
				CLANG_WARN_INFINITE_RECURSION = YES;
				CLANG_WARN_INT_CONVERSION = YES;
				CLANG_WARN_NON_LITERAL_NULL_CONVERSION = YES;
				CLANG_WARN_OBJC_IMPLICIT_RETAIN_SELF = YES;
				CLANG_WARN_OBJC_LITERAL_CONVERSION = YES;
				CLANG_WARN_OBJC_ROOT_CLASS = YES_ERROR;
				CLANG_WARN_QUOTED_INCLUDE_IN_FRAMEWORK_HEADER = YES;
				CLANG_WARN_RANGE_LOOP_ANALYSIS = YES;
				CLANG_WARN_STRICT_PROTOTYPES = YES;
				CLANG_WARN_SUSPICIOUS_MOVE = YES;
				CLANG_WARN_UNGUARDED_AVAILABILITY = YES_AGGRESSIVE;
				CLANG_WARN_UNREACHABLE_CODE = YES;
				CLANG_WARN__DUPLICATE_METHOD_MATCH = YES;
				COPY_PHASE_STRIP = NO;
				DEBUG_INFORMATION_FORMAT = dwarf;
				ENABLE_STRICT_OBJC_MSGSEND = YES;
				ENABLE_TESTABILITY = YES;
				GCC_C_LANGUAGE_STANDARD = gnu11;
				GCC_DYNAMIC_NO_PIC = NO;
				GCC_NO_COMMON_BLOCKS = YES;
				GCC_OPTIMIZATION_LEVEL = 0;
				GCC_PREPROCESSOR_DEFINITIONS = (
					"DEBUG=1",
					"$(inherited)",
				);
				GCC_WARN_64_TO_32_BIT_CONVERSION = YES;
				GCC_WARN_ABOUT_RETURN_TYPE = YES_ERROR;
				GCC_WARN_UNDECLARED_SELECTOR = YES;
				GCC_WARN_UNINITIALIZED_AUTOS = YES_AGGRESSIVE;
				GCC_WARN_UNUSED_FUNCTION = YES;
				GCC_WARN_UNUSED_VARIABLE = YES;
				IPHONEOS_DEPLOYMENT_TARGET = 14.4;
				MTL_ENABLE_DEBUG_INFO = INCLUDE_SOURCE;
				MTL_FAST_MATH = YES;
				ONLY_ACTIVE_ARCH = YES;
				SDKROOT = iphoneos;
				SWIFT_ACTIVE_COMPILATION_CONDITIONS = DEBUG;
				SWIFT_OPTIMIZATION_LEVEL = "-Onone";
			};
			name = Debug;
		};
		B6B19E3825C663C000527862 /* Release */ = {
			isa = XCBuildConfiguration;
			buildSettings = {
				ALWAYS_SEARCH_USER_PATHS = NO;
				CLANG_ANALYZER_NONNULL = YES;
				CLANG_ANALYZER_NUMBER_OBJECT_CONVERSION = YES_AGGRESSIVE;
				CLANG_CXX_LANGUAGE_STANDARD = "gnu++14";
				CLANG_CXX_LIBRARY = "libc++";
				CLANG_ENABLE_MODULES = YES;
				CLANG_ENABLE_OBJC_ARC = YES;
				CLANG_ENABLE_OBJC_WEAK = YES;
				CLANG_WARN_BLOCK_CAPTURE_AUTORELEASING = YES;
				CLANG_WARN_BOOL_CONVERSION = YES;
				CLANG_WARN_COMMA = YES;
				CLANG_WARN_CONSTANT_CONVERSION = YES;
				CLANG_WARN_DEPRECATED_OBJC_IMPLEMENTATIONS = YES;
				CLANG_WARN_DIRECT_OBJC_ISA_USAGE = YES_ERROR;
				CLANG_WARN_DOCUMENTATION_COMMENTS = YES;
				CLANG_WARN_EMPTY_BODY = YES;
				CLANG_WARN_ENUM_CONVERSION = YES;
				CLANG_WARN_INFINITE_RECURSION = YES;
				CLANG_WARN_INT_CONVERSION = YES;
				CLANG_WARN_NON_LITERAL_NULL_CONVERSION = YES;
				CLANG_WARN_OBJC_IMPLICIT_RETAIN_SELF = YES;
				CLANG_WARN_OBJC_LITERAL_CONVERSION = YES;
				CLANG_WARN_OBJC_ROOT_CLASS = YES_ERROR;
				CLANG_WARN_QUOTED_INCLUDE_IN_FRAMEWORK_HEADER = YES;
				CLANG_WARN_RANGE_LOOP_ANALYSIS = YES;
				CLANG_WARN_STRICT_PROTOTYPES = YES;
				CLANG_WARN_SUSPICIOUS_MOVE = YES;
				CLANG_WARN_UNGUARDED_AVAILABILITY = YES_AGGRESSIVE;
				CLANG_WARN_UNREACHABLE_CODE = YES;
				CLANG_WARN__DUPLICATE_METHOD_MATCH = YES;
				COPY_PHASE_STRIP = NO;
				DEBUG_INFORMATION_FORMAT = "dwarf-with-dsym";
				ENABLE_NS_ASSERTIONS = NO;
				ENABLE_STRICT_OBJC_MSGSEND = YES;
				GCC_C_LANGUAGE_STANDARD = gnu11;
				GCC_NO_COMMON_BLOCKS = YES;
				GCC_WARN_64_TO_32_BIT_CONVERSION = YES;
				GCC_WARN_ABOUT_RETURN_TYPE = YES_ERROR;
				GCC_WARN_UNDECLARED_SELECTOR = YES;
				GCC_WARN_UNINITIALIZED_AUTOS = YES_AGGRESSIVE;
				GCC_WARN_UNUSED_FUNCTION = YES;
				GCC_WARN_UNUSED_VARIABLE = YES;
				IPHONEOS_DEPLOYMENT_TARGET = 14.4;
				MTL_ENABLE_DEBUG_INFO = NO;
				MTL_FAST_MATH = YES;
				SDKROOT = iphoneos;
				SWIFT_COMPILATION_MODE = wholemodule;
				SWIFT_OPTIMIZATION_LEVEL = "-O";
				VALIDATE_PRODUCT = YES;
			};
			name = Release;
		};
		B6B19E3A25C663C000527862 /* Debug */ = {
			isa = XCBuildConfiguration;
			buildSettings = {
				ASSETCATALOG_COMPILER_APPICON_NAME = AppIcon;
				ASSETCATALOG_COMPILER_GLOBAL_ACCENT_COLOR_NAME = AccentColor;
				CODE_SIGN_STYLE = Automatic;
				DEVELOPMENT_ASSET_PATHS = "\"Landmarks/Preview Content\"";
				DEVELOPMENT_TEAM = SBT42698ZV;
				ENABLE_PREVIEWS = YES;
				INFOPLIST_FILE = Landmarks/Info.plist;
				IPHONEOS_DEPLOYMENT_TARGET = 14.0;
				LD_RUNPATH_SEARCH_PATHS = (
					"$(inherited)",
					"@executable_path/Frameworks",
				);
				PRODUCT_BUNDLE_IDENTIFIER = com.fquispe.Landmarks;
				PRODUCT_NAME = "$(TARGET_NAME)";
				SWIFT_VERSION = 5.0;
				TARGETED_DEVICE_FAMILY = "1,2";
			};
			name = Debug;
		};
		B6B19E3B25C663C000527862 /* Release */ = {
			isa = XCBuildConfiguration;
			buildSettings = {
				ASSETCATALOG_COMPILER_APPICON_NAME = AppIcon;
				ASSETCATALOG_COMPILER_GLOBAL_ACCENT_COLOR_NAME = AccentColor;
				CODE_SIGN_STYLE = Automatic;
				DEVELOPMENT_ASSET_PATHS = "\"Landmarks/Preview Content\"";
				DEVELOPMENT_TEAM = SBT42698ZV;
				ENABLE_PREVIEWS = YES;
				INFOPLIST_FILE = Landmarks/Info.plist;
				IPHONEOS_DEPLOYMENT_TARGET = 14.0;
				LD_RUNPATH_SEARCH_PATHS = (
					"$(inherited)",
					"@executable_path/Frameworks",
				);
				PRODUCT_BUNDLE_IDENTIFIER = com.fquispe.Landmarks;
				PRODUCT_NAME = "$(TARGET_NAME)";
				SWIFT_VERSION = 5.0;
				TARGETED_DEVICE_FAMILY = "1,2";
			};
			name = Release;
		};
/* End XCBuildConfiguration section */

/* Begin XCConfigurationList section */
		B6B19E2525C663BC00527862 /* Build configuration list for PBXProject "Landmarks" */ = {
			isa = XCConfigurationList;
			buildConfigurations = (
				B6B19E3725C663C000527862 /* Debug */,
				B6B19E3825C663C000527862 /* Release */,
			);
			defaultConfigurationIsVisible = 0;
			defaultConfigurationName = Release;
		};
		B6B19E3925C663C000527862 /* Build configuration list for PBXNativeTarget "Landmarks" */ = {
			isa = XCConfigurationList;
			buildConfigurations = (
				B6B19E3A25C663C000527862 /* Debug */,
				B6B19E3B25C663C000527862 /* Release */,
			);
			defaultConfigurationIsVisible = 0;
			defaultConfigurationName = Release;
		};
/* End XCConfigurationList section */
	};
	rootObject = B6B19E2225C663BC00527862 /* Project object */;
}
